// !$*UTF8*$!
{
	archiveVersion = 1;
	classes = {
	};
	objectVersion = 77;
	objects = {

/* Begin PBXBuildFile section */
		0190F180CA1516FF19DE1D09 /* CodeIslandActivityState+Payload.swift in Sources */ = {isa = PBXBuildFile; fileRef = F9F350CB2292BF84421D9BD4 /* CodeIslandActivityState+Payload.swift */; };
		066BAB67FFF6698F1AA3A05A /* MascotMotion.swift in Sources */ = {isa = PBXBuildFile; fileRef = 77D70D07D1A0B8E65A8B9C66 /* MascotMotion.swift */; };
		081C2F1FD8D9D8DCCE0D34CB /* L10n.swift in Sources */ = {isa = PBXBuildFile; fileRef = 83800637B7C6322D5633FD36 /* L10n.swift */; };
		08D3B08488A688EBD7DA59B3 /* WatchConnection.swift in Sources */ = {isa = PBXBuildFile; fileRef = 333CBB203CC901B5FFE12BFD /* WatchConnection.swift */; };
		136C1DFA4E4F80076A794410 /* QwenView.swift in Sources */ = {isa = PBXBuildFile; fileRef = 4978BAC1D31033F1CFFA542C /* QwenView.swift */; };
		17193B5CDD14E270C08D8BA7 /* CompanionDisplayText.swift in Sources */ = {isa = PBXBuildFile; fileRef = 4708FC8D74184A554015C647 /* CompanionDisplayText.swift */; };
		1A9B2D28C0B651802CC22E46 /* AntiGravityView.swift in Sources */ = {isa = PBXBuildFile; fileRef = 312741CE7E44499956C35C45 /* AntiGravityView.swift */; };
		1AF542E5FAA3BB93A6F11100 /* Assets.xcassets in Resources */ = {isa = PBXBuildFile; fileRef = B23882298428AF63A26BAE4E /* Assets.xcassets */; };
		1B9E327493AEBEDF3E0511C6 /* CodeIslandCompanionApp.swift in Sources */ = {isa = PBXBuildFile; fileRef = 8843E069F081B15AE433EA8D /* CodeIslandCompanionApp.swift */; };
		1CE1FA4AF1409D284488CC98 /* OpenCodeView.swift in Sources */ = {isa = PBXBuildFile; fileRef = 23F0ECA53BBAD64BA8C9771F /* OpenCodeView.swift */; };
		2432ED91DABE20F4D4BEE97B /* CursorView.swift in Sources */ = {isa = PBXBuildFile; fileRef = A637A87231D2C2493FF97990 /* CursorView.swift */; };
		2A6065473519A66446A555CB /* CopilotView.swift in Sources */ = {isa = PBXBuildFile; fileRef = 7F7787F642A8E89A5AA5FFFC /* CopilotView.swift */; };
		2EF1014B18539D7592DBB8D3 /* KimiView.swift in Sources */ = {isa = PBXBuildFile; fileRef = 53EE587DE1B0740F9A5B0B19 /* KimiView.swift */; };
		3235DBD0E8E40BAF3ABC7CB2 /* AntiGravityView.swift in Sources */ = {isa = PBXBuildFile; fileRef = 312741CE7E44499956C35C45 /* AntiGravityView.swift */; };
		34BC4A9556FAE0A7893901BB /* StepFunView.swift in Sources */ = {isa = PBXBuildFile; fileRef = FB1A12DC31BC8AC80FFB96D8 /* StepFunView.swift */; };
		360FEB3C9F4DA28284E96288 /* PixelCharacterView.swift in Sources */ = {isa = PBXBuildFile; fileRef = C6345881A14A90FBB79C7453 /* PixelCharacterView.swift */; };
		3942DC95ED8F566BE7D6D8B5 /* CodeIslandWatchStatusWidget.swift in Sources */ = {isa = PBXBuildFile; fileRef = 734B6802145F7FAF30E9548F /* CodeIslandWatchStatusWidget.swift */; };
		396FBAE8C75D88E0A0DAFAFC /* SharedMascotView.swift in Sources */ = {isa = PBXBuildFile; fileRef = 18FD5E698E776728E6018927 /* SharedMascotView.swift */; };
		39F79F8253CF95E70563A097 /* WatchStateStore.swift in Sources */ = {isa = PBXBuildFile; fileRef = CCDD1EEEF11FA911FA8E42BF /* WatchStateStore.swift */; };
		3AEB7FB2BC4A5B04E4FE6FEB /* LiveActivityController.swift in Sources */ = {isa = PBXBuildFile; fileRef = 030876B03E408787BD569C05 /* LiveActivityController.swift */; };
		3B9EA0EE7B76975935E76A33 /* QoderView.swift in Sources */ = {isa = PBXBuildFile; fileRef = C5393F6AABCBEEDA6A832553 /* QoderView.swift */; };
		406E06EA697812F1527C2EBA /* PixelCharacterView.swift in Sources */ = {isa = PBXBuildFile; fileRef = C6345881A14A90FBB79C7453 /* PixelCharacterView.swift */; };
		43AC5C4E39B1BF9708F5042F /* CompanionLogicTests.swift in Sources */ = {isa = PBXBuildFile; fileRef = 1F8F35BBD6568CB06AAC6F39 /* CompanionLogicTests.swift */; };
		451B3FC425C5612ED8C00F2B /* RemoteConversationViewModel.swift in Sources */ = {isa = PBXBuildFile; fileRef = 055D57CAC6EBBAF9D6E56C4E /* RemoteConversationViewModel.swift */; };
		454B79632040B38A8EE556B1 /* TraeView.swift in Sources */ = {isa = PBXBuildFile; fileRef = 0A7D0B4EC41F3FEC24838746 /* TraeView.swift */; };
		4E223E65F13F078A4388DFBC /* WatchBridge.swift in Sources */ = {isa = PBXBuildFile; fileRef = ED3A7210B0F1BDDB7803D970 /* WatchBridge.swift */; };
		53AAA61D301B8A543539C4B2 /* CopilotView.swift in Sources */ = {isa = PBXBuildFile; fileRef = 7F7787F642A8E89A5AA5FFFC /* CopilotView.swift */; };
		53DCB0D0D0D9FBBF1E6E7560 /* MascotMotion.swift in Sources */ = {isa = PBXBuildFile; fileRef = 77D70D07D1A0B8E65A8B9C66 /* MascotMotion.swift */; };
		54D41F7821F5757358C1E651 /* BuddyView.swift in Sources */ = {isa = PBXBuildFile; fileRef = 83B07028BAA056A1DA7C7791 /* BuddyView.swift */; };
		56486A706E0A4FFBF3BE9F34 /* DexView.swift in Sources */ = {isa = PBXBuildFile; fileRef = A6470A3909D478701A3B07E5 /* DexView.swift */; };
		56E1107A140CBB68064DACD9 /* GeminiView.swift in Sources */ = {isa = PBXBuildFile; fileRef = 7CA2D1F95A933787580CCAA6 /* GeminiView.swift */; };
		57D3C0DB02580B82815A37DD /* GeminiView.swift in Sources */ = {isa = PBXBuildFile; fileRef = 7CA2D1F95A933787580CCAA6 /* GeminiView.swift */; };
		581D6458B7EF4DDD4D45E4D6 /* BuddyView.swift in Sources */ = {isa = PBXBuildFile; fileRef = 83B07028BAA056A1DA7C7791 /* BuddyView.swift */; };
		59ABB512113F870A7896E879 /* CompanionDisplayText.swift in Sources */ = {isa = PBXBuildFile; fileRef = 4708FC8D74184A554015C647 /* CompanionDisplayText.swift */; };
		5CC36A8128BA65E2481142C1 /* WorkBuddyView.swift in Sources */ = {isa = PBXBuildFile; fileRef = 4F91D3F784C8F89A31E63158 /* WorkBuddyView.swift */; };
		60C7621B334FBD18B4D2621D /* PrivacyInfo.xcprivacy in Resources */ = {isa = PBXBuildFile; fileRef = 4F14C7FD1518D54C1370ADC8 /* PrivacyInfo.xcprivacy */; };
		60EDB1D15F768EF9BEA51D31 /* OpenCodeView.swift in Sources */ = {isa = PBXBuildFile; fileRef = 23F0ECA53BBAD64BA8C9771F /* OpenCodeView.swift */; };
		6123D11F09A767D4AFDA5AD3 /* GeminiView.swift in Sources */ = {isa = PBXBuildFile; fileRef = 7CA2D1F95A933787580CCAA6 /* GeminiView.swift */; };
		61B79FD49393B5E3C7BEEF3B /* CodeIslandWatchApp.app in Embed Watch Content */ = {isa = PBXBuildFile; fileRef = F40F9340746E45E572758656 /* CodeIslandWatchApp.app */; settings = {ATTRIBUTES = (RemoveHeadersOnCopy, ); }; };
		61E65895CCEBAD88E0183D08 /* StepFunView.swift in Sources */ = {isa = PBXBuildFile; fileRef = FB1A12DC31BC8AC80FFB96D8 /* StepFunView.swift */; };
		62E94D66816607D371714B7E /* RemoteConversationModels.swift in Sources */ = {isa = PBXBuildFile; fileRef = 21325056AFF4C950AEBE165B /* RemoteConversationModels.swift */; };
		632DF62531C30A5489CE9819 /* LaunchScreen.storyboard in Resources */ = {isa = PBXBuildFile; fileRef = DE41181FECB15FC695E14CCA /* LaunchScreen.storyboard */; };
		6449EF8FC0C32176FBF40393 /* OpenCodeView.swift in Sources */ = {isa = PBXBuildFile; fileRef = 23F0ECA53BBAD64BA8C9771F /* OpenCodeView.swift */; };
		6916681318ECDDB5E09EEA93 /* KimiView.swift in Sources */ = {isa = PBXBuildFile; fileRef = 53EE587DE1B0740F9A5B0B19 /* KimiView.swift */; };
		6C444954B6DA9F0B542304EE /* CursorView.swift in Sources */ = {isa = PBXBuildFile; fileRef = A637A87231D2C2493FF97990 /* CursorView.swift */; };
		6DB070CD0CB5259D6341C29F /* StepFunView.swift in Sources */ = {isa = PBXBuildFile; fileRef = FB1A12DC31BC8AC80FFB96D8 /* StepFunView.swift */; };
		7211483270726AC25E7F53C1 /* PixelCharacterView.swift in Sources */ = {isa = PBXBuildFile; fileRef = C6345881A14A90FBB79C7453 /* PixelCharacterView.swift */; };
		740A096612F9E66F04D7A29C /* WatchStateStore.swift in Sources */ = {isa = PBXBuildFile; fileRef = CCDD1EEEF11FA911FA8E42BF /* WatchStateStore.swift */; };
		756DC3DF126278851C03BD1D /* ClineView.swift in Sources */ = {isa = PBXBuildFile; fileRef = F96CB90CA9C700A293F0F841 /* ClineView.swift */; };
		77548822FFD6282873D688CC /* StandByLayoutTests.swift in Sources */ = {isa = PBXBuildFile; fileRef = 683697BA44F284DC6FFD36DA /* StandByLayoutTests.swift */; };
		786E71DFAABF2A42048E9091 /* CodeIslandCompanionWidget.appex in Embed Foundation Extensions */ = {isa = PBXBuildFile; fileRef = 1CD9F5E97A2CDBC4E3F54478 /* CodeIslandCompanionWidget.appex */; settings = {ATTRIBUTES = (RemoveHeadersOnCopy, ); }; };
		7881FAFAE3BB0A5F0644BED2 /* HermesView.swift in Sources */ = {isa = PBXBuildFile; fileRef = BE12267AF913F735B14B643A /* HermesView.swift */; };
		79A66F8039924CB94EEC67AD /* WatchConnectivity.framework in Frameworks */ = {isa = PBXBuildFile; fileRef = 3FB3EF0A4912EE483D702CF6 /* WatchConnectivity.framework */; };
		7A38FC2E94CEEF42CAB46B3C /* MascotTimeline.swift in Sources */ = {isa = PBXBuildFile; fileRef = D972640FA1E9018DDC125FAD /* MascotTimeline.swift */; };
		7B84614D6F40BEDB519D5F13 /* WorkBuddyView.swift in Sources */ = {isa = PBXBuildFile; fileRef = 4F91D3F784C8F89A31E63158 /* WorkBuddyView.swift */; };
		7C6AE08B3264CADC760A0BB6 /* HermesView.swift in Sources */ = {isa = PBXBuildFile; fileRef = BE12267AF913F735B14B643A /* HermesView.swift */; };
		7C94AF24FE483E75AFB02FE4 /* CompanionAppDelegate.swift in Sources */ = {isa = PBXBuildFile; fileRef = 32BE6F03B699E8406163EBA2 /* CompanionAppDelegate.swift */; };
		7F8B015A60EAD665A97191D6 /* QoderView.swift in Sources */ = {isa = PBXBuildFile; fileRef = C5393F6AABCBEEDA6A832553 /* QoderView.swift */; };
		80724761BD521E411DD614FC /* InfoPlist.xcstrings in Resources */ = {isa = PBXBuildFile; fileRef = C447CA887768996E48D76A78 /* InfoPlist.xcstrings */; };
		8087A336412F9084936AF405 /* BuddyView.swift in Sources */ = {isa = PBXBuildFile; fileRef = 83B07028BAA056A1DA7C7791 /* BuddyView.swift */; };
		83A226FBEBA72BBAB62E575D /* DexView.swift in Sources */ = {isa = PBXBuildFile; fileRef = A6470A3909D478701A3B07E5 /* DexView.swift */; };
		892225EA1A62EA16B21E2E36 /* CompanionDisplayText.swift in Sources */ = {isa = PBXBuildFile; fileRef = 4708FC8D74184A554015C647 /* CompanionDisplayText.swift */; };
		8D21C753488CC6F4931CAECF /* MascotMotion.swift in Sources */ = {isa = PBXBuildFile; fileRef = 77D70D07D1A0B8E65A8B9C66 /* MascotMotion.swift */; };
		8DDDF81D31DDBF87F1470A97 /* KimiView.swift in Sources */ = {isa = PBXBuildFile; fileRef = 53EE587DE1B0740F9A5B0B19 /* KimiView.swift */; };
		8ED54C8B56E520259B9392E9 /* WatchConnectivity.framework in Frameworks */ = {isa = PBXBuildFile; fileRef = 3FB3EF0A4912EE483D702CF6 /* WatchConnectivity.framework */; };
		8F08EC769D29033B31805D21 /* PrivacyInfo.xcprivacy in Resources */ = {isa = PBXBuildFile; fileRef = 4F14C7FD1518D54C1370ADC8 /* PrivacyInfo.xcprivacy */; };
		8FD5A994D566498D0B7F3495 /* QoderView.swift in Sources */ = {isa = PBXBuildFile; fileRef = C5393F6AABCBEEDA6A832553 /* QoderView.swift */; };
		96A94DCEFE3EB695E86CA91C /* WorkBuddyView.swift in Sources */ = {isa = PBXBuildFile; fileRef = 4F91D3F784C8F89A31E63158 /* WorkBuddyView.swift */; };
		977FDE1B19E4DF1F5985EC0D /* QoderView.swift in Sources */ = {isa = PBXBuildFile; fileRef = C5393F6AABCBEEDA6A832553 /* QoderView.swift */; };
		98F5D1DDE415B3BAFA0A74F1 /* DroidView.swift in Sources */ = {isa = PBXBuildFile; fileRef = 0E1D4BD6D6F35284006F9354 /* DroidView.swift */; };
		9ABC3282EABFDAE28BE3F6C3 /* CursorView.swift in Sources */ = {isa = PBXBuildFile; fileRef = A637A87231D2C2493FF97990 /* CursorView.swift */; };
		9C43FBF323733C72F963E4EE /* CodeIslandCompanionUITests.swift in Sources */ = {isa = PBXBuildFile; fileRef = D78FA9B17D5BB160C8E714F6 /* CodeIslandCompanionUITests.swift */; };
		9C5B16C59B32BABAAB34FF08 /* DexView.swift in Sources */ = {isa = PBXBuildFile; fileRef = A6470A3909D478701A3B07E5 /* DexView.swift */; };
		9D1C23A1416E439793C21679 /* L10n.swift in Sources */ = {isa = PBXBuildFile; fileRef = 83800637B7C6322D5633FD36 /* L10n.swift */; };
		9D46FD32389C4AEC2A839727 /* TraeView.swift in Sources */ = {isa = PBXBuildFile; fileRef = 0A7D0B4EC41F3FEC24838746 /* TraeView.swift */; };
		9F7CB1CDE599F3DF71E5738C /* CompanionDisplayText.swift in Sources */ = {isa = PBXBuildFile; fileRef = 4708FC8D74184A554015C647 /* CompanionDisplayText.swift */; };
		9FAB64A752F6142AAD32E5B6 /* DroidView.swift in Sources */ = {isa = PBXBuildFile; fileRef = 0E1D4BD6D6F35284006F9354 /* DroidView.swift */; };
		A19C06D932D5A5FE5DF0D513 /* QwenView.swift in Sources */ = {isa = PBXBuildFile; fileRef = 4978BAC1D31033F1CFFA542C /* QwenView.swift */; };
		A222A1FE3D8DE22EC847A92A /* L10n.swift in Sources */ = {isa = PBXBuildFile; fileRef = 83800637B7C6322D5633FD36 /* L10n.swift */; };
		A370B957E19B18B5121C92B4 /* SharedMascotView.swift in Sources */ = {isa = PBXBuildFile; fileRef = 18FD5E698E776728E6018927 /* SharedMascotView.swift */; };
		A52DA811D5FA84CF55DE9E9E /* CodeIslandWatchWidgetBundle.swift in Sources */ = {isa = PBXBuildFile; fileRef = CABFFE00C7B98F6A46DB0ECA /* CodeIslandWatchWidgetBundle.swift */; };
		A6EAB4F70D77D31647CAE26E /* CursorView.swift in Sources */ = {isa = PBXBuildFile; fileRef = A637A87231D2C2493FF97990 /* CursorView.swift */; };
		A83B38DDC3F15F01EA589239 /* WatchContentView.swift in Sources */ = {isa = PBXBuildFile; fileRef = 6BFECA3B58A8F5B7D80676BF /* WatchContentView.swift */; };
		A84F09EB6C91510EFCCEAEEF /* PrivacyInfo.xcprivacy in Resources */ = {isa = PBXBuildFile; fileRef = 4F14C7FD1518D54C1370ADC8 /* PrivacyInfo.xcprivacy */; };
		AB197B458D906CA80DE838DD /* StandByLayout.swift in Sources */ = {isa = PBXBuildFile; fileRef = 2F1C7AD9BDAF97493D0648FE /* StandByLayout.swift */; };
		ABCA1FD581A1C3E2089F9540 /* AntiGravityView.swift in Sources */ = {isa = PBXBuildFile; fileRef = 312741CE7E44499956C35C45 /* AntiGravityView.swift */; };
		AF508E52E331531A53A2EA2B /* ClineView.swift in Sources */ = {isa = PBXBuildFile; fileRef = F96CB90CA9C700A293F0F841 /* ClineView.swift */; };
		B2DC1BB3B6FBB3C59494D5F7 /* L10n.swift in Sources */ = {isa = PBXBuildFile; fileRef = 83800637B7C6322D5633FD36 /* L10n.swift */; };
		B300106393D1959366447DC4 /* PrivacyInfo.xcprivacy in Resources */ = {isa = PBXBuildFile; fileRef = 4F14C7FD1518D54C1370ADC8 /* PrivacyInfo.xcprivacy */; };
		B6E51EE8DB8BF988DACB1276 /* CopilotView.swift in Sources */ = {isa = PBXBuildFile; fileRef = 7F7787F642A8E89A5AA5FFFC /* CopilotView.swift */; };
		B7CB440FDD0903B05E12AA85 /* ContentView.swift in Sources */ = {isa = PBXBuildFile; fileRef = E766978AB60149BF2A008DF4 /* ContentView.swift */; };
		B9B0C0DC10657D28DC2E1EDD /* MascotTimeline.swift in Sources */ = {isa = PBXBuildFile; fileRef = D972640FA1E9018DDC125FAD /* MascotTimeline.swift */; };
		BF2B5114F1EA889DDAE9098D /* Assets.xcassets in Resources */ = {isa = PBXBuildFile; fileRef = D85F2D481FDAD5D904A0F3E5 /* Assets.xcassets */; };
		C08F601348AFA5246B72ABD0 /* StepFunView.swift in Sources */ = {isa = PBXBuildFile; fileRef = FB1A12DC31BC8AC80FFB96D8 /* StepFunView.swift */; };
		C1B00C9DC300515350E75603 /* CompanionMascotView.swift in Sources */ = {isa = PBXBuildFile; fileRef = D2A2C29C635BC87419FDED7F /* CompanionMascotView.swift */; };
		C28E22B3696BD872D48746E4 /* WatchStateStore.swift in Sources */ = {isa = PBXBuildFile; fileRef = CCDD1EEEF11FA911FA8E42BF /* WatchStateStore.swift */; };
		C49F2E33380EB15CF8874FC6 /* CompanionModels.swift in Sources */ = {isa = PBXBuildFile; fileRef = 78474E5ED47A37C22FB49F33 /* CompanionModels.swift */; };
		C5A39883D2868CF21FDD3A15 /* CompanionConnection.swift in Sources */ = {isa = PBXBuildFile; fileRef = E05B0003068A33631114C79F /* CompanionConnection.swift */; };
		C5C5F190B737C3D91D20EA75 /* SharedMascotView.swift in Sources */ = {isa = PBXBuildFile; fileRef = 18FD5E698E776728E6018927 /* SharedMascotView.swift */; };
		C86F5E5BA7FEA6A518A88C74 /* MascotMotion.swift in Sources */ = {isa = PBXBuildFile; fileRef = 77D70D07D1A0B8E65A8B9C66 /* MascotMotion.swift */; };
		CAC99F5E6B9B2DDFA3C0E38A /* DroidView.swift in Sources */ = {isa = PBXBuildFile; fileRef = 0E1D4BD6D6F35284006F9354 /* DroidView.swift */; };
		CB75CCB077BD30395637DFCA /* MascotTimeline.swift in Sources */ = {isa = PBXBuildFile; fileRef = D972640FA1E9018DDC125FAD /* MascotTimeline.swift */; };
		CBD20DAAC19EF402D7083706 /* QwenView.swift in Sources */ = {isa = PBXBuildFile; fileRef = 4978BAC1D31033F1CFFA542C /* QwenView.swift */; };
		CC8BFCADB0C71D1EC54DCD50 /* StandByLayout.swift in Sources */ = {isa = PBXBuildFile; fileRef = 2F1C7AD9BDAF97493D0648FE /* StandByLayout.swift */; };
		CD4FAD4958AD915D8E759FFB /* OpenCodeView.swift in Sources */ = {isa = PBXBuildFile; fileRef = 23F0ECA53BBAD64BA8C9771F /* OpenCodeView.swift */; };
		D37C3157D91B8B67E80B095D /* WatchStateStore.swift in Sources */ = {isa = PBXBuildFile; fileRef = CCDD1EEEF11FA911FA8E42BF /* WatchStateStore.swift */; };
		D3BA6810A60B32A67F74431E /* RemoteConversationView.swift in Sources */ = {isa = PBXBuildFile; fileRef = 82214BFF09707CD430F553FD /* RemoteConversationView.swift */; };
		D47274A29745CA64E55F1C21 /* CodeIslandActivityAttributes.swift in Sources */ = {isa = PBXBuildFile; fileRef = BCA23CC7B351415E136CC947 /* CodeIslandActivityAttributes.swift */; };
		D5F811823EDFED9541402681 /* QwenView.swift in Sources */ = {isa = PBXBuildFile; fileRef = 4978BAC1D31033F1CFFA542C /* QwenView.swift */; };
		D6346705BBF85F63A3C032D8 /* CodeIslandCompanionWidgetBundle.swift in Sources */ = {isa = PBXBuildFile; fileRef = 014DEC37F3B34948F2B630E4 /* CodeIslandCompanionWidgetBundle.swift */; };
		D9069411705F24ADDA7C573F /* WorkBuddyView.swift in Sources */ = {isa = PBXBuildFile; fileRef = 4F91D3F784C8F89A31E63158 /* WorkBuddyView.swift */; };
		D91E181A929AA9ED8ABEE03E /* AppIntents.framework in Frameworks */ = {isa = PBXBuildFile; fileRef = 1D6BFE9B5287EE06D2FB3938 /* AppIntents.framework */; };
		DE1C60DE838680FE629C8ED3 /* RemoteConversationModels.swift in Sources */ = {isa = PBXBuildFile; fileRef = 21325056AFF4C950AEBE165B /* RemoteConversationModels.swift */; };
		DEACE91A83CD52B2B6394CC9 /* DroidView.swift in Sources */ = {isa = PBXBuildFile; fileRef = 0E1D4BD6D6F35284006F9354 /* DroidView.swift */; };
		DECE043D8EAE0EEEA3417557 /* PixelCharacterView.swift in Sources */ = {isa = PBXBuildFile; fileRef = C6345881A14A90FBB79C7453 /* PixelCharacterView.swift */; };
		DF8181D3224DFA462CB9E0FA /* TraeView.swift in Sources */ = {isa = PBXBuildFile; fileRef = 0A7D0B4EC41F3FEC24838746 /* TraeView.swift */; };
		E012D38D806F5AC2F22D569F /* SharedMascotView.swift in Sources */ = {isa = PBXBuildFile; fileRef = 18FD5E698E776728E6018927 /* SharedMascotView.swift */; };
		E04C1A6FD543058CDBC1754B /* KimiView.swift in Sources */ = {isa = PBXBuildFile; fileRef = 53EE587DE1B0740F9A5B0B19 /* KimiView.swift */; };
		E15456F718660AE320B7F65F /* CodeIslandLiveActivityWidget.swift in Sources */ = {isa = PBXBuildFile; fileRef = 0A1079D20C61C1AF51C7F24A /* CodeIslandLiveActivityWidget.swift */; };
		E35A6938CFF1C6DA6BBE6B3B /* CompanionModels.swift in Sources */ = {isa = PBXBuildFile; fileRef = 78474E5ED47A37C22FB49F33 /* CompanionModels.swift */; };
		EB02F7CC8391BFB931BE0421 /* CodeIslandWatchApp.swift in Sources */ = {isa = PBXBuildFile; fileRef = E248E1F7A7695B40CE083370 /* CodeIslandWatchApp.swift */; };
		EB3D23EDE1100113E8909302 /* ClineView.swift in Sources */ = {isa = PBXBuildFile; fileRef = F96CB90CA9C700A293F0F841 /* ClineView.swift */; };
		EC22CA87FDA68D8875939E1B /* CodeIslandWatchWidget.appex in Embed Foundation Extensions */ = {isa = PBXBuildFile; fileRef = AB36FBACC9BA81390F2EC8BE /* CodeIslandWatchWidget.appex */; settings = {ATTRIBUTES = (RemoveHeadersOnCopy, ); }; };
		ED41E65AAA673D9FBFD48377 /* CompanionModels.swift in Sources */ = {isa = PBXBuildFile; fileRef = 78474E5ED47A37C22FB49F33 /* CompanionModels.swift */; };
		EF55FCB89771F97175749ECF /* CodeIslandActivityAttributes.swift in Sources */ = {isa = PBXBuildFile; fileRef = BCA23CC7B351415E136CC947 /* CodeIslandActivityAttributes.swift */; };
		F29B008893CA6F336BE93A42 /* DexView.swift in Sources */ = {isa = PBXBuildFile; fileRef = A6470A3909D478701A3B07E5 /* DexView.swift */; };
		F2A37C4EDA80546E6307A8D6 /* CompanionBluetoothCentral.swift in Sources */ = {isa = PBXBuildFile; fileRef = 827D708763E7622166DF3F8B /* CompanionBluetoothCentral.swift */; };
		F6A28D1C6855BA337D8076F8 /* HermesView.swift in Sources */ = {isa = PBXBuildFile; fileRef = BE12267AF913F735B14B643A /* HermesView.swift */; };
		F6BF2F0FBFE41711C6160DFE /* AntiGravityView.swift in Sources */ = {isa = PBXBuildFile; fileRef = 312741CE7E44499956C35C45 /* AntiGravityView.swift */; };
		F7141403977B0ACAA74FE90C /* ClineView.swift in Sources */ = {isa = PBXBuildFile; fileRef = F96CB90CA9C700A293F0F841 /* ClineView.swift */; };
		F894E1D744DA83959EB19554 /* CopilotView.swift in Sources */ = {isa = PBXBuildFile; fileRef = 7F7787F642A8E89A5AA5FFFC /* CopilotView.swift */; };
		F8E524B7360A360440DD9690 /* GeminiView.swift in Sources */ = {isa = PBXBuildFile; fileRef = 7CA2D1F95A933787580CCAA6 /* GeminiView.swift */; };
		FA95ADB80B6A9DFB0A62B3DC /* MascotTimeline.swift in Sources */ = {isa = PBXBuildFile; fileRef = D972640FA1E9018DDC125FAD /* MascotTimeline.swift */; };
		FB9FE22A8E8201717A08D945 /* TraeView.swift in Sources */ = {isa = PBXBuildFile; fileRef = 0A7D0B4EC41F3FEC24838746 /* TraeView.swift */; };
		FC987B58F87CFE9638DBC90E /* HermesView.swift in Sources */ = {isa = PBXBuildFile; fileRef = BE12267AF913F735B14B643A /* HermesView.swift */; };
		FC9D256D2F2BC3010E633FBF /* BuddyView.swift in Sources */ = {isa = PBXBuildFile; fileRef = 83B07028BAA056A1DA7C7791 /* BuddyView.swift */; };
/* End PBXBuildFile section */

/* Begin PBXContainerItemProxy section */
		1E6092132DEF91DC316807BF /* PBXContainerItemProxy */ = {
			isa = PBXContainerItemProxy;
			containerPortal = C86DC231658B41C7E38FF15A /* Project object */;
			proxyType = 1;
			remoteGlobalIDString = 98B3A00FDF4C8093790E92A5;
			remoteInfo = CodeIslandCompanionWidget;
		};
		77D846086AB64AFE3A38762C /* PBXContainerItemProxy */ = {
			isa = PBXContainerItemProxy;
			containerPortal = C86DC231658B41C7E38FF15A /* Project object */;
			proxyType = 1;
			remoteGlobalIDString = F17F6C4FF2B113739CD23B46;
			remoteInfo = CodeIslandWatchApp;
		};
		BB58FA90F24E52E7796C4B5E /* PBXContainerItemProxy */ = {
			isa = PBXContainerItemProxy;
			containerPortal = C86DC231658B41C7E38FF15A /* Project object */;
			proxyType = 1;
			remoteGlobalIDString = F3973306BF558558774D5BD7;
			remoteInfo = CodeIslandCompanion;
		};
		C6E98D93E0EEAEEDFB5EDB8C /* PBXContainerItemProxy */ = {
			isa = PBXContainerItemProxy;
			containerPortal = C86DC231658B41C7E38FF15A /* Project object */;
			proxyType = 1;
			remoteGlobalIDString = F3973306BF558558774D5BD7;
			remoteInfo = CodeIslandCompanion;
		};
		CC09B6A7376464EE68BAEABC /* PBXContainerItemProxy */ = {
			isa = PBXContainerItemProxy;
			containerPortal = C86DC231658B41C7E38FF15A /* Project object */;
			proxyType = 1;
			remoteGlobalIDString = 4BABFBE7E8161A80EA5F2EF8;
			remoteInfo = CodeIslandWatchWidget;
		};
/* End PBXContainerItemProxy section */

/* Begin PBXCopyFilesBuildPhase section */
		4632E0B05E3E6067BC7837CC /* Embed Foundation Extensions */ = {
			isa = PBXCopyFilesBuildPhase;
			buildActionMask = 2147483647;
			dstPath = "";
			dstSubfolderSpec = 13;
			files = (
				EC22CA87FDA68D8875939E1B /* CodeIslandWatchWidget.appex in Embed Foundation Extensions */,
			);
			name = "Embed Foundation Extensions";
			runOnlyForDeploymentPostprocessing = 0;
		};
		8BEF37F14AECEEF2F1446564 /* Embed Foundation Extensions */ = {
			isa = PBXCopyFilesBuildPhase;
			buildActionMask = 2147483647;
			dstPath = "";
			dstSubfolderSpec = 13;
			files = (
				786E71DFAABF2A42048E9091 /* CodeIslandCompanionWidget.appex in Embed Foundation Extensions */,
			);
			name = "Embed Foundation Extensions";
			runOnlyForDeploymentPostprocessing = 0;
		};
		E77D769B4FB69CEFF7B9FD23 /* Embed Watch Content */ = {
			isa = PBXCopyFilesBuildPhase;
			buildActionMask = 2147483647;
			dstPath = "$(CONTENTS_FOLDER_PATH)/Watch";
			dstSubfolderSpec = 16;
			files = (
				61B79FD49393B5E3C7BEEF3B /* CodeIslandWatchApp.app in Embed Watch Content */,
			);
			name = "Embed Watch Content";
			runOnlyForDeploymentPostprocessing = 0;
		};
/* End PBXCopyFilesBuildPhase section */

/* Begin PBXFileReference section */
		014DEC37F3B34948F2B630E4 /* CodeIslandCompanionWidgetBundle.swift */ = {isa = PBXFileReference; lastKnownFileType = sourcecode.swift; path = CodeIslandCompanionWidgetBundle.swift; sourceTree = "<group>"; };
		030876B03E408787BD569C05 /* LiveActivityController.swift */ = {isa = PBXFileReference; lastKnownFileType = sourcecode.swift; path = LiveActivityController.swift; sourceTree = "<group>"; };
		055D57CAC6EBBAF9D6E56C4E /* RemoteConversationViewModel.swift */ = {isa = PBXFileReference; lastKnownFileType = sourcecode.swift; path = RemoteConversationViewModel.swift; sourceTree = "<group>"; };
		0A1079D20C61C1AF51C7F24A /* CodeIslandLiveActivityWidget.swift */ = {isa = PBXFileReference; lastKnownFileType = sourcecode.swift; path = CodeIslandLiveActivityWidget.swift; sourceTree = "<group>"; };
		0A7D0B4EC41F3FEC24838746 /* TraeView.swift */ = {isa = PBXFileReference; lastKnownFileType = sourcecode.swift; path = TraeView.swift; sourceTree = "<group>"; };
		0CD94C0DFD8C9C1E2D0FA2CD /* Info.plist */ = {isa = PBXFileReference; lastKnownFileType = text.plist; path = Info.plist; sourceTree = "<group>"; };
		0E1D4BD6D6F35284006F9354 /* DroidView.swift */ = {isa = PBXFileReference; lastKnownFileType = sourcecode.swift; path = DroidView.swift; sourceTree = "<group>"; };
		18FD5E698E776728E6018927 /* SharedMascotView.swift */ = {isa = PBXFileReference; lastKnownFileType = sourcecode.swift; path = SharedMascotView.swift; sourceTree = "<group>"; };
		1CD9F5E97A2CDBC4E3F54478 /* CodeIslandCompanionWidget.appex */ = {isa = PBXFileReference; includeInIndex = 0; lastKnownFileType = "wrapper.app-extension"; path = CodeIslandCompanionWidget.appex; sourceTree = BUILT_PRODUCTS_DIR; };
		1D6BFE9B5287EE06D2FB3938 /* AppIntents.framework */ = {isa = PBXFileReference; lastKnownFileType = wrapper.framework; name = AppIntents.framework; path = System/Library/Frameworks/AppIntents.framework; sourceTree = SDKROOT; };
		1F8F35BBD6568CB06AAC6F39 /* CompanionLogicTests.swift */ = {isa = PBXFileReference; lastKnownFileType = sourcecode.swift; path = CompanionLogicTests.swift; sourceTree = "<group>"; };
		21325056AFF4C950AEBE165B /* RemoteConversationModels.swift */ = {isa = PBXFileReference; lastKnownFileType = sourcecode.swift; path = RemoteConversationModels.swift; sourceTree = "<group>"; };
		23F0ECA53BBAD64BA8C9771F /* OpenCodeView.swift */ = {isa = PBXFileReference; lastKnownFileType = sourcecode.swift; path = OpenCodeView.swift; sourceTree = "<group>"; };
		2F1C7AD9BDAF97493D0648FE /* StandByLayout.swift */ = {isa = PBXFileReference; lastKnownFileType = sourcecode.swift; path = StandByLayout.swift; sourceTree = "<group>"; };
		312741CE7E44499956C35C45 /* AntiGravityView.swift */ = {isa = PBXFileReference; lastKnownFileType = sourcecode.swift; path = AntiGravityView.swift; sourceTree = "<group>"; };
		32BE6F03B699E8406163EBA2 /* CompanionAppDelegate.swift */ = {isa = PBXFileReference; lastKnownFileType = sourcecode.swift; path = CompanionAppDelegate.swift; sourceTree = "<group>"; };
		333CBB203CC901B5FFE12BFD /* WatchConnection.swift */ = {isa = PBXFileReference; lastKnownFileType = sourcecode.swift; path = WatchConnection.swift; sourceTree = "<group>"; };
		3FB3EF0A4912EE483D702CF6 /* WatchConnectivity.framework */ = {isa = PBXFileReference; lastKnownFileType = wrapper.framework; name = WatchConnectivity.framework; path = System/Library/Frameworks/WatchConnectivity.framework; sourceTree = SDKROOT; };
		4708FC8D74184A554015C647 /* CompanionDisplayText.swift */ = {isa = PBXFileReference; lastKnownFileType = sourcecode.swift; path = CompanionDisplayText.swift; sourceTree = "<group>"; };
		479C70CE85849FBC511B7038 /* CodeIslandWatchApp.entitlements */ = {isa = PBXFileReference; lastKnownFileType = text.plist.entitlements; path = CodeIslandWatchApp.entitlements; sourceTree = "<group>"; };
		4978BAC1D31033F1CFFA542C /* QwenView.swift */ = {isa = PBXFileReference; lastKnownFileType = sourcecode.swift; path = QwenView.swift; sourceTree = "<group>"; };
		4BEF873F784144B4F199E878 /* Info.plist */ = {isa = PBXFileReference; lastKnownFileType = text.plist; path = Info.plist; sourceTree = "<group>"; };
		4F14C7FD1518D54C1370ADC8 /* PrivacyInfo.xcprivacy */ = {isa = PBXFileReference; path = PrivacyInfo.xcprivacy; sourceTree = "<group>"; };
		4F91D3F784C8F89A31E63158 /* WorkBuddyView.swift */ = {isa = PBXFileReference; lastKnownFileType = sourcecode.swift; path = WorkBuddyView.swift; sourceTree = "<group>"; };
		53EE587DE1B0740F9A5B0B19 /* KimiView.swift */ = {isa = PBXFileReference; lastKnownFileType = sourcecode.swift; path = KimiView.swift; sourceTree = "<group>"; };
		5F8B728EC484A892286E9460 /* Info.plist */ = {isa = PBXFileReference; lastKnownFileType = text.plist; path = Info.plist; sourceTree = "<group>"; };
		6516178F733B86DDF5CD26E0 /* CodeIslandCompanionUITests.xctest */ = {isa = PBXFileReference; includeInIndex = 0; lastKnownFileType = wrapper.cfbundle; path = CodeIslandCompanionUITests.xctest; sourceTree = BUILT_PRODUCTS_DIR; };
		683697BA44F284DC6FFD36DA /* StandByLayoutTests.swift */ = {isa = PBXFileReference; lastKnownFileType = sourcecode.swift; path = StandByLayoutTests.swift; sourceTree = "<group>"; };
		6BFECA3B58A8F5B7D80676BF /* WatchContentView.swift */ = {isa = PBXFileReference; lastKnownFileType = sourcecode.swift; path = WatchContentView.swift; sourceTree = "<group>"; };
		734B6802145F7FAF30E9548F /* CodeIslandWatchStatusWidget.swift */ = {isa = PBXFileReference; lastKnownFileType = sourcecode.swift; path = CodeIslandWatchStatusWidget.swift; sourceTree = "<group>"; };
		75853758A7901DF914ACEB33 /* Info.plist */ = {isa = PBXFileReference; lastKnownFileType = text.plist; path = Info.plist; sourceTree = "<group>"; };
		77D70D07D1A0B8E65A8B9C66 /* MascotMotion.swift */ = {isa = PBXFileReference; lastKnownFileType = sourcecode.swift; path = MascotMotion.swift; sourceTree = "<group>"; };
		78474E5ED47A37C22FB49F33 /* CompanionModels.swift */ = {isa = PBXFileReference; lastKnownFileType = sourcecode.swift; path = CompanionModels.swift; sourceTree = "<group>"; };
		7CA2D1F95A933787580CCAA6 /* GeminiView.swift */ = {isa = PBXFileReference; lastKnownFileType = sourcecode.swift; path = GeminiView.swift; sourceTree = "<group>"; };
		7F7787F642A8E89A5AA5FFFC /* CopilotView.swift */ = {isa = PBXFileReference; lastKnownFileType = sourcecode.swift; path = CopilotView.swift; sourceTree = "<group>"; };
		82214BFF09707CD430F553FD /* RemoteConversationView.swift */ = {isa = PBXFileReference; lastKnownFileType = sourcecode.swift; path = RemoteConversationView.swift; sourceTree = "<group>"; };
		827D708763E7622166DF3F8B /* CompanionBluetoothCentral.swift */ = {isa = PBXFileReference; lastKnownFileType = sourcecode.swift; path = CompanionBluetoothCentral.swift; sourceTree = "<group>"; };
		83800637B7C6322D5633FD36 /* L10n.swift */ = {isa = PBXFileReference; lastKnownFileType = sourcecode.swift; path = L10n.swift; sourceTree = "<group>"; };
		83B07028BAA056A1DA7C7791 /* BuddyView.swift */ = {isa = PBXFileReference; lastKnownFileType = sourcecode.swift; path = BuddyView.swift; sourceTree = "<group>"; };
		8843E069F081B15AE433EA8D /* CodeIslandCompanionApp.swift */ = {isa = PBXFileReference; lastKnownFileType = sourcecode.swift; path = CodeIslandCompanionApp.swift; sourceTree = "<group>"; };
		9A2B84F4F96272BE5A760B08 /* CodeIslandCompanion.app */ = {isa = PBXFileReference; includeInIndex = 0; lastKnownFileType = wrapper.application; path = CodeIslandCompanion.app; sourceTree = BUILT_PRODUCTS_DIR; };
		A637A87231D2C2493FF97990 /* CursorView.swift */ = {isa = PBXFileReference; lastKnownFileType = sourcecode.swift; path = CursorView.swift; sourceTree = "<group>"; };
		A6470A3909D478701A3B07E5 /* DexView.swift */ = {isa = PBXFileReference; lastKnownFileType = sourcecode.swift; path = DexView.swift; sourceTree = "<group>"; };
		AB36FBACC9BA81390F2EC8BE /* CodeIslandWatchWidget.appex */ = {isa = PBXFileReference; explicitFileType = "wrapper.app-extension"; includeInIndex = 0; path = CodeIslandWatchWidget.appex; sourceTree = BUILT_PRODUCTS_DIR; };
		AC142A70E79612F32AF08DF2 /* CodeIslandWatchWidget.entitlements */ = {isa = PBXFileReference; lastKnownFileType = text.plist.entitlements; path = CodeIslandWatchWidget.entitlements; sourceTree = "<group>"; };
		B23882298428AF63A26BAE4E /* Assets.xcassets */ = {isa = PBXFileReference; lastKnownFileType = folder.assetcatalog; path = Assets.xcassets; sourceTree = "<group>"; };
		BCA23CC7B351415E136CC947 /* CodeIslandActivityAttributes.swift */ = {isa = PBXFileReference; lastKnownFileType = sourcecode.swift; path = CodeIslandActivityAttributes.swift; sourceTree = "<group>"; };
		BE12267AF913F735B14B643A /* HermesView.swift */ = {isa = PBXFileReference; lastKnownFileType = sourcecode.swift; path = HermesView.swift; sourceTree = "<group>"; };
		C447CA887768996E48D76A78 /* InfoPlist.xcstrings */ = {isa = PBXFileReference; lastKnownFileType = text.json.xcstrings; path = InfoPlist.xcstrings; sourceTree = "<group>"; };
		C5393F6AABCBEEDA6A832553 /* QoderView.swift */ = {isa = PBXFileReference; lastKnownFileType = sourcecode.swift; path = QoderView.swift; sourceTree = "<group>"; };
		C6345881A14A90FBB79C7453 /* PixelCharacterView.swift */ = {isa = PBXFileReference; lastKnownFileType = sourcecode.swift; path = PixelCharacterView.swift; sourceTree = "<group>"; };
		CABFFE00C7B98F6A46DB0ECA /* CodeIslandWatchWidgetBundle.swift */ = {isa = PBXFileReference; lastKnownFileType = sourcecode.swift; path = CodeIslandWatchWidgetBundle.swift; sourceTree = "<group>"; };
		CCDD1EEEF11FA911FA8E42BF /* WatchStateStore.swift */ = {isa = PBXFileReference; lastKnownFileType = sourcecode.swift; path = WatchStateStore.swift; sourceTree = "<group>"; };
		D2A2C29C635BC87419FDED7F /* CompanionMascotView.swift */ = {isa = PBXFileReference; lastKnownFileType = sourcecode.swift; path = CompanionMascotView.swift; sourceTree = "<group>"; };
		D4F96960164D8A1BDE5A13B9 /* CodeIslandCompanion.entitlements */ = {isa = PBXFileReference; lastKnownFileType = text.plist.entitlements; path = CodeIslandCompanion.entitlements; sourceTree = "<group>"; };
		D78FA9B17D5BB160C8E714F6 /* CodeIslandCompanionUITests.swift */ = {isa = PBXFileReference; lastKnownFileType = sourcecode.swift; path = CodeIslandCompanionUITests.swift; sourceTree = "<group>"; };
		D85F2D481FDAD5D904A0F3E5 /* Assets.xcassets */ = {isa = PBXFileReference; lastKnownFileType = folder.assetcatalog; path = Assets.xcassets; sourceTree = "<group>"; };
		D972640FA1E9018DDC125FAD /* MascotTimeline.swift */ = {isa = PBXFileReference; lastKnownFileType = sourcecode.swift; path = MascotTimeline.swift; sourceTree = "<group>"; };
		DE41181FECB15FC695E14CCA /* LaunchScreen.storyboard */ = {isa = PBXFileReference; lastKnownFileType = file.storyboard; path = LaunchScreen.storyboard; sourceTree = "<group>"; };
		E05B0003068A33631114C79F /* CompanionConnection.swift */ = {isa = PBXFileReference; lastKnownFileType = sourcecode.swift; path = CompanionConnection.swift; sourceTree = "<group>"; };
		E248E1F7A7695B40CE083370 /* CodeIslandWatchApp.swift */ = {isa = PBXFileReference; lastKnownFileType = sourcecode.swift; path = CodeIslandWatchApp.swift; sourceTree = "<group>"; };
		E766978AB60149BF2A008DF4 /* ContentView.swift */ = {isa = PBXFileReference; lastKnownFileType = sourcecode.swift; path = ContentView.swift; sourceTree = "<group>"; };
		ED3A7210B0F1BDDB7803D970 /* WatchBridge.swift */ = {isa = PBXFileReference; lastKnownFileType = sourcecode.swift; path = WatchBridge.swift; sourceTree = "<group>"; };
		EF87924363E319F5C648F0C0 /* CodeIslandCompanionTests.xctest */ = {isa = PBXFileReference; includeInIndex = 0; lastKnownFileType = wrapper.cfbundle; path = CodeIslandCompanionTests.xctest; sourceTree = BUILT_PRODUCTS_DIR; };
		F40F9340746E45E572758656 /* CodeIslandWatchApp.app */ = {isa = PBXFileReference; explicitFileType = wrapper.application; includeInIndex = 0; path = CodeIslandWatchApp.app; sourceTree = BUILT_PRODUCTS_DIR; };
		F96CB90CA9C700A293F0F841 /* ClineView.swift */ = {isa = PBXFileReference; lastKnownFileType = sourcecode.swift; path = ClineView.swift; sourceTree = "<group>"; };
		F9F350CB2292BF84421D9BD4 /* CodeIslandActivityState+Payload.swift */ = {isa = PBXFileReference; lastKnownFileType = sourcecode.swift; path = "CodeIslandActivityState+Payload.swift"; sourceTree = "<group>"; };
		FB1A12DC31BC8AC80FFB96D8 /* StepFunView.swift */ = {isa = PBXFileReference; lastKnownFileType = sourcecode.swift; path = StepFunView.swift; sourceTree = "<group>"; };
/* End PBXFileReference section */

/* Begin PBXFrameworksBuildPhase section */
		67AAFB6B7113267B5C61991C /* Frameworks */ = {
			isa = PBXFrameworksBuildPhase;
			buildActionMask = 2147483647;
			files = (
				8ED54C8B56E520259B9392E9 /* WatchConnectivity.framework in Frameworks */,
			);
			runOnlyForDeploymentPostprocessing = 0;
		};
		BEBD44ADD46D108AA6EE4C5A /* Frameworks */ = {
			isa = PBXFrameworksBuildPhase;
			buildActionMask = 2147483647;
			files = (
				D91E181A929AA9ED8ABEE03E /* AppIntents.framework in Frameworks */,
				79A66F8039924CB94EEC67AD /* WatchConnectivity.framework in Frameworks */,
			);
			runOnlyForDeploymentPostprocessing = 0;
		};
/* End PBXFrameworksBuildPhase section */

/* Begin PBXGroup section */
		0A19C73F7436290AB43A0733 /* CodeIslandCompanionWidget */ = {
			isa = PBXGroup;
			children = (
				014DEC37F3B34948F2B630E4 /* CodeIslandCompanionWidgetBundle.swift */,
				0A1079D20C61C1AF51C7F24A /* CodeIslandLiveActivityWidget.swift */,
				5F8B728EC484A892286E9460 /* Info.plist */,
			);
			path = CodeIslandCompanionWidget;
			sourceTree = "<group>";
		};
		4B5DC446285A66B2D47E6894 /* Shared */ = {
			isa = PBXGroup;
			children = (
				BCA23CC7B351415E136CC947 /* CodeIslandActivityAttributes.swift */,
				4708FC8D74184A554015C647 /* CompanionDisplayText.swift */,
				83800637B7C6322D5633FD36 /* L10n.swift */,
				4F14C7FD1518D54C1370ADC8 /* PrivacyInfo.xcprivacy */,
				21325056AFF4C950AEBE165B /* RemoteConversationModels.swift */,
				18FD5E698E776728E6018927 /* SharedMascotView.swift */,
				CCDD1EEEF11FA911FA8E42BF /* WatchStateStore.swift */,
			);
			path = Shared;
			sourceTree = "<group>";
		};
		591F9D78369A6A5807FCBD6A /* Frameworks */ = {
			isa = PBXGroup;
			children = (
				1D6BFE9B5287EE06D2FB3938 /* AppIntents.framework */,
				3FB3EF0A4912EE483D702CF6 /* WatchConnectivity.framework */,
			);
			name = Frameworks;
			sourceTree = "<group>";
		};
		6D21008F0646C13F20FD24E3 /* CodeIslandCompanionTests */ = {
			isa = PBXGroup;
			children = (
				1F8F35BBD6568CB06AAC6F39 /* CompanionLogicTests.swift */,
			);
			path = CodeIslandCompanionTests;
			sourceTree = "<group>";
		};
		8190E5C61FF4340B8909CD4F /* CodeIslandCompanion */ = {
			isa = PBXGroup;
			children = (
				D85F2D481FDAD5D904A0F3E5 /* Assets.xcassets */,
				F9F350CB2292BF84421D9BD4 /* CodeIslandActivityState+Payload.swift */,
				D4F96960164D8A1BDE5A13B9 /* CodeIslandCompanion.entitlements */,
				8843E069F081B15AE433EA8D /* CodeIslandCompanionApp.swift */,
				32BE6F03B699E8406163EBA2 /* CompanionAppDelegate.swift */,
				827D708763E7622166DF3F8B /* CompanionBluetoothCentral.swift */,
				E05B0003068A33631114C79F /* CompanionConnection.swift */,
				D2A2C29C635BC87419FDED7F /* CompanionMascotView.swift */,
				78474E5ED47A37C22FB49F33 /* CompanionModels.swift */,
				E766978AB60149BF2A008DF4 /* ContentView.swift */,
				0CD94C0DFD8C9C1E2D0FA2CD /* Info.plist */,
				C447CA887768996E48D76A78 /* InfoPlist.xcstrings */,
				DE41181FECB15FC695E14CCA /* LaunchScreen.storyboard */,
				030876B03E408787BD569C05 /* LiveActivityController.swift */,
				82214BFF09707CD430F553FD /* RemoteConversationView.swift */,
				055D57CAC6EBBAF9D6E56C4E /* RemoteConversationViewModel.swift */,
				2F1C7AD9BDAF97493D0648FE /* StandByLayout.swift */,
				ED3A7210B0F1BDDB7803D970 /* WatchBridge.swift */,
			);
			path = CodeIslandCompanion;
			sourceTree = "<group>";
		};
		8CBE327D4E5991FEA8BFCA41 /* CodeIsland */ = {
			isa = PBXGroup;
			children = (
				312741CE7E44499956C35C45 /* AntiGravityView.swift */,
				83B07028BAA056A1DA7C7791 /* BuddyView.swift */,
				F96CB90CA9C700A293F0F841 /* ClineView.swift */,
				7F7787F642A8E89A5AA5FFFC /* CopilotView.swift */,
				A637A87231D2C2493FF97990 /* CursorView.swift */,
				A6470A3909D478701A3B07E5 /* DexView.swift */,
				0E1D4BD6D6F35284006F9354 /* DroidView.swift */,
				7CA2D1F95A933787580CCAA6 /* GeminiView.swift */,
				BE12267AF913F735B14B643A /* HermesView.swift */,
				53EE587DE1B0740F9A5B0B19 /* KimiView.swift */,
				77D70D07D1A0B8E65A8B9C66 /* MascotMotion.swift */,
				D972640FA1E9018DDC125FAD /* MascotTimeline.swift */,
				23F0ECA53BBAD64BA8C9771F /* OpenCodeView.swift */,
				C6345881A14A90FBB79C7453 /* PixelCharacterView.swift */,
				C5393F6AABCBEEDA6A832553 /* QoderView.swift */,
				4978BAC1D31033F1CFFA542C /* QwenView.swift */,
				FB1A12DC31BC8AC80FFB96D8 /* StepFunView.swift */,
				0A7D0B4EC41F3FEC24838746 /* TraeView.swift */,
				4F91D3F784C8F89A31E63158 /* WorkBuddyView.swift */,
			);
			name = CodeIsland;
			path = ../../Sources/CodeIsland;
			sourceTree = "<group>";
		};
		B7C74B58379C162633B0AB71 /* Products */ = {
			isa = PBXGroup;
			children = (
				9A2B84F4F96272BE5A760B08 /* CodeIslandCompanion.app */,
				EF87924363E319F5C648F0C0 /* CodeIslandCompanionTests.xctest */,
				6516178F733B86DDF5CD26E0 /* CodeIslandCompanionUITests.xctest */,
				1CD9F5E97A2CDBC4E3F54478 /* CodeIslandCompanionWidget.appex */,
				F40F9340746E45E572758656 /* CodeIslandWatchApp.app */,
				AB36FBACC9BA81390F2EC8BE /* CodeIslandWatchWidget.appex */,
			);
			name = Products;
			sourceTree = "<group>";
		};
		BBFFC1A4861C007150572AB1 /* CodeIslandWatchWidget */ = {
			isa = PBXGroup;
			children = (
				734B6802145F7FAF30E9548F /* CodeIslandWatchStatusWidget.swift */,
				AC142A70E79612F32AF08DF2 /* CodeIslandWatchWidget.entitlements */,
				CABFFE00C7B98F6A46DB0ECA /* CodeIslandWatchWidgetBundle.swift */,
				75853758A7901DF914ACEB33 /* Info.plist */,
			);
			path = CodeIslandWatchWidget;
			sourceTree = "<group>";
		};
		D1C2C4106702CD8D64FF8467 /* CodeIslandWatchApp */ = {
			isa = PBXGroup;
			children = (
				B23882298428AF63A26BAE4E /* Assets.xcassets */,
				479C70CE85849FBC511B7038 /* CodeIslandWatchApp.entitlements */,
				E248E1F7A7695B40CE083370 /* CodeIslandWatchApp.swift */,
				4BEF873F784144B4F199E878 /* Info.plist */,
				333CBB203CC901B5FFE12BFD /* WatchConnection.swift */,
				6BFECA3B58A8F5B7D80676BF /* WatchContentView.swift */,
			);
			path = CodeIslandWatchApp;
			sourceTree = "<group>";
		};
		D46B227CDC7966021E3773E0 /* CodeIslandCompanionUITests */ = {
			isa = PBXGroup;
			children = (
				D78FA9B17D5BB160C8E714F6 /* CodeIslandCompanionUITests.swift */,
				683697BA44F284DC6FFD36DA /* StandByLayoutTests.swift */,
			);
			path = CodeIslandCompanionUITests;
			sourceTree = "<group>";
		};
		D4F4B4DFF32FD06A20C575CA = {
			isa = PBXGroup;
			children = (
				8CBE327D4E5991FEA8BFCA41 /* CodeIsland */,
				8190E5C61FF4340B8909CD4F /* CodeIslandCompanion */,
				6D21008F0646C13F20FD24E3 /* CodeIslandCompanionTests */,
				D46B227CDC7966021E3773E0 /* CodeIslandCompanionUITests */,
				0A19C73F7436290AB43A0733 /* CodeIslandCompanionWidget */,
				D1C2C4106702CD8D64FF8467 /* CodeIslandWatchApp */,
				BBFFC1A4861C007150572AB1 /* CodeIslandWatchWidget */,
				4B5DC446285A66B2D47E6894 /* Shared */,
				591F9D78369A6A5807FCBD6A /* Frameworks */,
				B7C74B58379C162633B0AB71 /* Products */,
			);
			sourceTree = "<group>";
		};
/* End PBXGroup section */

/* Begin PBXNativeTarget section */
		4BABFBE7E8161A80EA5F2EF8 /* CodeIslandWatchWidget */ = {
			isa = PBXNativeTarget;
			buildConfigurationList = 6EC8AA2EC70B9F71655FCE14 /* Build configuration list for PBXNativeTarget "CodeIslandWatchWidget" */;
			buildPhases = (
				296F4DE5CBBAABDA9D12F08E /* Sources */,
				DCED8DCD124DF7CF6BCEB888 /* Resources */,
			);
			buildRules = (
			);
			dependencies = (
			);
			name = CodeIslandWatchWidget;
			packageProductDependencies = (
			);
			productName = CodeIslandWatchWidget;
			productReference = AB36FBACC9BA81390F2EC8BE /* CodeIslandWatchWidget.appex */;
			productType = "com.apple.product-type.app-extension";
		};
		69D8BEE53F6283C107728C74 /* CodeIslandCompanionTests */ = {
			isa = PBXNativeTarget;
			buildConfigurationList = 04AA0F1210C8B2115E8ED693 /* Build configuration list for PBXNativeTarget "CodeIslandCompanionTests" */;
			buildPhases = (
				723FD7F80E3B4F96773DE5AC /* Sources */,
			);
			buildRules = (
			);
			dependencies = (
				A9FEC536ABFA2C349AA5DBFF /* PBXTargetDependency */,
			);
			name = CodeIslandCompanionTests;
			packageProductDependencies = (
			);
			productName = CodeIslandCompanionTests;
			productReference = EF87924363E319F5C648F0C0 /* CodeIslandCompanionTests.xctest */;
			productType = "com.apple.product-type.bundle.unit-test";
		};
		98B3A00FDF4C8093790E92A5 /* CodeIslandCompanionWidget */ = {
			isa = PBXNativeTarget;
			buildConfigurationList = 8B1AD1C2E22A23BD4CDC2ACF /* Build configuration list for PBXNativeTarget "CodeIslandCompanionWidget" */;
			buildPhases = (
				36420257A13FEAE65757B716 /* Sources */,
				07855C1438A7CD3449EB123F /* Resources */,
			);
			buildRules = (
			);
			dependencies = (
			);
			name = CodeIslandCompanionWidget;
			packageProductDependencies = (
			);
			productName = CodeIslandCompanionWidget;
			productReference = 1CD9F5E97A2CDBC4E3F54478 /* CodeIslandCompanionWidget.appex */;
			productType = "com.apple.product-type.app-extension";
		};
		B4BEC668A900808C83219452 /* CodeIslandCompanionUITests */ = {
			isa = PBXNativeTarget;
			buildConfigurationList = A4CCE8D20BB83E3C61AE9D46 /* Build configuration list for PBXNativeTarget "CodeIslandCompanionUITests" */;
			buildPhases = (
				81C079406B4905958C6BCFAA /* Sources */,
			);
			buildRules = (
			);
			dependencies = (
				40E50F3A6C92EA7E62C7AF56 /* PBXTargetDependency */,
			);
			name = CodeIslandCompanionUITests;
			packageProductDependencies = (
			);
			productName = CodeIslandCompanionUITests;
			productReference = 6516178F733B86DDF5CD26E0 /* CodeIslandCompanionUITests.xctest */;
			productType = "com.apple.product-type.bundle.ui-testing";
		};
		F17F6C4FF2B113739CD23B46 /* CodeIslandWatchApp */ = {
			isa = PBXNativeTarget;
			buildConfigurationList = 09A0F4469E3BEFC56AEA65DC /* Build configuration list for PBXNativeTarget "CodeIslandWatchApp" */;
			buildPhases = (
				FC0EB1D4F9723FF36FD94260 /* Sources */,
				118627E995B948F0A6FFAE99 /* Resources */,
				67AAFB6B7113267B5C61991C /* Frameworks */,
				4632E0B05E3E6067BC7837CC /* Embed Foundation Extensions */,
			);
			buildRules = (
			);
			dependencies = (
				C5148171F25E135F3AB966AA /* PBXTargetDependency */,
			);
			name = CodeIslandWatchApp;
			packageProductDependencies = (
			);
			productName = CodeIslandWatchApp;
			productReference = F40F9340746E45E572758656 /* CodeIslandWatchApp.app */;
			productType = "com.apple.product-type.application";
		};
		F3973306BF558558774D5BD7 /* CodeIslandCompanion */ = {
			isa = PBXNativeTarget;
			buildConfigurationList = B1E48881EB1FEA099CD166C8 /* Build configuration list for PBXNativeTarget "CodeIslandCompanion" */;
			buildPhases = (
				26EBA7CC09FF3A74C1057A7A /* Sources */,
				AB5C2542C8920112ACD66589 /* Resources */,
				BEBD44ADD46D108AA6EE4C5A /* Frameworks */,
				8BEF37F14AECEEF2F1446564 /* Embed Foundation Extensions */,
				E77D769B4FB69CEFF7B9FD23 /* Embed Watch Content */,
			);
			buildRules = (
			);
			dependencies = (
				A2BC3F7D6ACCF66CA492DBC4 /* PBXTargetDependency */,
				52309DAC5B9D99045DD350BC /* PBXTargetDependency */,
			);
			name = CodeIslandCompanion;
			packageProductDependencies = (
			);
			productName = CodeIslandCompanion;
			productReference = 9A2B84F4F96272BE5A760B08 /* CodeIslandCompanion.app */;
			productType = "com.apple.product-type.application";
		};
/* End PBXNativeTarget section */

/* Begin PBXProject section */
		C86DC231658B41C7E38FF15A /* Project object */ = {
			isa = PBXProject;
			attributes = {
				BuildIndependentTargetsInParallel = YES;
				LastUpgradeCheck = 1430;
				TargetAttributes = {
					4BABFBE7E8161A80EA5F2EF8 = {
						DevelopmentTeam = 2VBHV3VJ8N;
						ProvisioningStyle = Automatic;
					};
					69D8BEE53F6283C107728C74 = {
						DevelopmentTeam = 2VBHV3VJ8N;
						ProvisioningStyle = Automatic;
						TestTargetID = F3973306BF558558774D5BD7;
					};
					98B3A00FDF4C8093790E92A5 = {
						DevelopmentTeam = 2VBHV3VJ8N;
						ProvisioningStyle = Automatic;
					};
					B4BEC668A900808C83219452 = {
						DevelopmentTeam = 2VBHV3VJ8N;
						ProvisioningStyle = Automatic;
						TestTargetID = F3973306BF558558774D5BD7;
					};
					F17F6C4FF2B113739CD23B46 = {
						DevelopmentTeam = 2VBHV3VJ8N;
						ProvisioningStyle = Automatic;
					};
					F3973306BF558558774D5BD7 = {
						DevelopmentTeam = 2VBHV3VJ8N;
						ProvisioningStyle = Automatic;
					};
				};
			};
			buildConfigurationList = 617E42F1DB082A010DA4EA86 /* Build configuration list for PBXProject "CodeIslandCompanion" */;
			developmentRegion = en;
			hasScannedForEncodings = 0;
			knownRegions = (
				Base,
				en,
				"zh-Hans",
			);
			mainGroup = D4F4B4DFF32FD06A20C575CA;
			minimizedProjectReferenceProxies = 1;
			preferredProjectObjectVersion = 77;
			productRefGroup = B7C74B58379C162633B0AB71 /* Products */;
			projectDirPath = "";
			projectRoot = "";
			targets = (
				F3973306BF558558774D5BD7 /* CodeIslandCompanion */,
				69D8BEE53F6283C107728C74 /* CodeIslandCompanionTests */,
				B4BEC668A900808C83219452 /* CodeIslandCompanionUITests */,
				98B3A00FDF4C8093790E92A5 /* CodeIslandCompanionWidget */,
				F17F6C4FF2B113739CD23B46 /* CodeIslandWatchApp */,
				4BABFBE7E8161A80EA5F2EF8 /* CodeIslandWatchWidget */,
			);
		};
/* End PBXProject section */

/* Begin PBXResourcesBuildPhase section */
		07855C1438A7CD3449EB123F /* Resources */ = {
			isa = PBXResourcesBuildPhase;
			buildActionMask = 2147483647;
			files = (
				60C7621B334FBD18B4D2621D /* PrivacyInfo.xcprivacy in Resources */,
			);
			runOnlyForDeploymentPostprocessing = 0;
		};
		118627E995B948F0A6FFAE99 /* Resources */ = {
			isa = PBXResourcesBuildPhase;
			buildActionMask = 2147483647;
			files = (
				1AF542E5FAA3BB93A6F11100 /* Assets.xcassets in Resources */,
				B300106393D1959366447DC4 /* PrivacyInfo.xcprivacy in Resources */,
			);
			runOnlyForDeploymentPostprocessing = 0;
		};
		AB5C2542C8920112ACD66589 /* Resources */ = {
			isa = PBXResourcesBuildPhase;
			buildActionMask = 2147483647;
			files = (
				BF2B5114F1EA889DDAE9098D /* Assets.xcassets in Resources */,
				80724761BD521E411DD614FC /* InfoPlist.xcstrings in Resources */,
				632DF62531C30A5489CE9819 /* LaunchScreen.storyboard in Resources */,
				8F08EC769D29033B31805D21 /* PrivacyInfo.xcprivacy in Resources */,
			);
			runOnlyForDeploymentPostprocessing = 0;
		};
		DCED8DCD124DF7CF6BCEB888 /* Resources */ = {
			isa = PBXResourcesBuildPhase;
			buildActionMask = 2147483647;
			files = (
				A84F09EB6C91510EFCCEAEEF /* PrivacyInfo.xcprivacy in Resources */,
			);
			runOnlyForDeploymentPostprocessing = 0;
		};
/* End PBXResourcesBuildPhase section */

/* Begin PBXSourcesBuildPhase section */
		26EBA7CC09FF3A74C1057A7A /* Sources */ = {
			isa = PBXSourcesBuildPhase;
			buildActionMask = 2147483647;
			files = (
				F6BF2F0FBFE41711C6160DFE /* AntiGravityView.swift in Sources */,
				FC9D256D2F2BC3010E633FBF /* BuddyView.swift in Sources */,
				AF508E52E331531A53A2EA2B /* ClineView.swift in Sources */,
				D47274A29745CA64E55F1C21 /* CodeIslandActivityAttributes.swift in Sources */,
				0190F180CA1516FF19DE1D09 /* CodeIslandActivityState+Payload.swift in Sources */,
				1B9E327493AEBEDF3E0511C6 /* CodeIslandCompanionApp.swift in Sources */,
				7C94AF24FE483E75AFB02FE4 /* CompanionAppDelegate.swift in Sources */,
				F2A37C4EDA80546E6307A8D6 /* CompanionBluetoothCentral.swift in Sources */,
				C5A39883D2868CF21FDD3A15 /* CompanionConnection.swift in Sources */,
				9F7CB1CDE599F3DF71E5738C /* CompanionDisplayText.swift in Sources */,
				C1B00C9DC300515350E75603 /* CompanionMascotView.swift in Sources */,
				ED41E65AAA673D9FBFD48377 /* CompanionModels.swift in Sources */,
				B7CB440FDD0903B05E12AA85 /* ContentView.swift in Sources */,
				B6E51EE8DB8BF988DACB1276 /* CopilotView.swift in Sources */,
				6C444954B6DA9F0B542304EE /* CursorView.swift in Sources */,
				56486A706E0A4FFBF3BE9F34 /* DexView.swift in Sources */,
				9FAB64A752F6142AAD32E5B6 /* DroidView.swift in Sources */,
				57D3C0DB02580B82815A37DD /* GeminiView.swift in Sources */,
				F6A28D1C6855BA337D8076F8 /* HermesView.swift in Sources */,
				E04C1A6FD543058CDBC1754B /* KimiView.swift in Sources */,
				9D1C23A1416E439793C21679 /* L10n.swift in Sources */,
				3AEB7FB2BC4A5B04E4FE6FEB /* LiveActivityController.swift in Sources */,
				53DCB0D0D0D9FBBF1E6E7560 /* MascotMotion.swift in Sources */,
				CB75CCB077BD30395637DFCA /* MascotTimeline.swift in Sources */,
				60EDB1D15F768EF9BEA51D31 /* OpenCodeView.swift in Sources */,
				360FEB3C9F4DA28284E96288 /* PixelCharacterView.swift in Sources */,
				977FDE1B19E4DF1F5985EC0D /* QoderView.swift in Sources */,
				A19C06D932D5A5FE5DF0D513 /* QwenView.swift in Sources */,
				DE1C60DE838680FE629C8ED3 /* RemoteConversationModels.swift in Sources */,
				D3BA6810A60B32A67F74431E /* RemoteConversationView.swift in Sources */,
				451B3FC425C5612ED8C00F2B /* RemoteConversationViewModel.swift in Sources */,
				396FBAE8C75D88E0A0DAFAFC /* SharedMascotView.swift in Sources */,
				CC8BFCADB0C71D1EC54DCD50 /* StandByLayout.swift in Sources */,
				6DB070CD0CB5259D6341C29F /* StepFunView.swift in Sources */,
				454B79632040B38A8EE556B1 /* TraeView.swift in Sources */,
				4E223E65F13F078A4388DFBC /* WatchBridge.swift in Sources */,
				C28E22B3696BD872D48746E4 /* WatchStateStore.swift in Sources */,
				5CC36A8128BA65E2481142C1 /* WorkBuddyView.swift in Sources */,
			);
			runOnlyForDeploymentPostprocessing = 0;
		};
		296F4DE5CBBAABDA9D12F08E /* Sources */ = {
			isa = PBXSourcesBuildPhase;
			buildActionMask = 2147483647;
			files = (
				ABCA1FD581A1C3E2089F9540 /* AntiGravityView.swift in Sources */,
				581D6458B7EF4DDD4D45E4D6 /* BuddyView.swift in Sources */,
				F7141403977B0ACAA74FE90C /* ClineView.swift in Sources */,
				3942DC95ED8F566BE7D6D8B5 /* CodeIslandWatchStatusWidget.swift in Sources */,
				A52DA811D5FA84CF55DE9E9E /* CodeIslandWatchWidgetBundle.swift in Sources */,
				59ABB512113F870A7896E879 /* CompanionDisplayText.swift in Sources */,
				E35A6938CFF1C6DA6BBE6B3B /* CompanionModels.swift in Sources */,
				2A6065473519A66446A555CB /* CopilotView.swift in Sources */,
				2432ED91DABE20F4D4BEE97B /* CursorView.swift in Sources */,
				83A226FBEBA72BBAB62E575D /* DexView.swift in Sources */,
				CAC99F5E6B9B2DDFA3C0E38A /* DroidView.swift in Sources */,
				F8E524B7360A360440DD9690 /* GeminiView.swift in Sources */,
				7881FAFAE3BB0A5F0644BED2 /* HermesView.swift in Sources */,
				6916681318ECDDB5E09EEA93 /* KimiView.swift in Sources */,
				081C2F1FD8D9D8DCCE0D34CB /* L10n.swift in Sources */,
				C86F5E5BA7FEA6A518A88C74 /* MascotMotion.swift in Sources */,
				FA95ADB80B6A9DFB0A62B3DC /* MascotTimeline.swift in Sources */,
				6449EF8FC0C32176FBF40393 /* OpenCodeView.swift in Sources */,
				7211483270726AC25E7F53C1 /* PixelCharacterView.swift in Sources */,
				8FD5A994D566498D0B7F3495 /* QoderView.swift in Sources */,
				CBD20DAAC19EF402D7083706 /* QwenView.swift in Sources */,
				C5C5F190B737C3D91D20EA75 /* SharedMascotView.swift in Sources */,
				C08F601348AFA5246B72ABD0 /* StepFunView.swift in Sources */,
				FB9FE22A8E8201717A08D945 /* TraeView.swift in Sources */,
				740A096612F9E66F04D7A29C /* WatchStateStore.swift in Sources */,
				D9069411705F24ADDA7C573F /* WorkBuddyView.swift in Sources */,
			);
			runOnlyForDeploymentPostprocessing = 0;
		};
		36420257A13FEAE65757B716 /* Sources */ = {
			isa = PBXSourcesBuildPhase;
			buildActionMask = 2147483647;
			files = (
				1A9B2D28C0B651802CC22E46 /* AntiGravityView.swift in Sources */,
				8087A336412F9084936AF405 /* BuddyView.swift in Sources */,
				EB3D23EDE1100113E8909302 /* ClineView.swift in Sources */,
				EF55FCB89771F97175749ECF /* CodeIslandActivityAttributes.swift in Sources */,
				D6346705BBF85F63A3C032D8 /* CodeIslandCompanionWidgetBundle.swift in Sources */,
				E15456F718660AE320B7F65F /* CodeIslandLiveActivityWidget.swift in Sources */,
				892225EA1A62EA16B21E2E36 /* CompanionDisplayText.swift in Sources */,
				F894E1D744DA83959EB19554 /* CopilotView.swift in Sources */,
				A6EAB4F70D77D31647CAE26E /* CursorView.swift in Sources */,
				F29B008893CA6F336BE93A42 /* DexView.swift in Sources */,
				DEACE91A83CD52B2B6394CC9 /* DroidView.swift in Sources */,
				6123D11F09A767D4AFDA5AD3 /* GeminiView.swift in Sources */,
				FC987B58F87CFE9638DBC90E /* HermesView.swift in Sources */,
				8DDDF81D31DDBF87F1470A97 /* KimiView.swift in Sources */,
				B2DC1BB3B6FBB3C59494D5F7 /* L10n.swift in Sources */,
				066BAB67FFF6698F1AA3A05A /* MascotMotion.swift in Sources */,
				B9B0C0DC10657D28DC2E1EDD /* MascotTimeline.swift in Sources */,
				CD4FAD4958AD915D8E759FFB /* OpenCodeView.swift in Sources */,
				DECE043D8EAE0EEEA3417557 /* PixelCharacterView.swift in Sources */,
				7F8B015A60EAD665A97191D6 /* QoderView.swift in Sources */,
				136C1DFA4E4F80076A794410 /* QwenView.swift in Sources */,
				62E94D66816607D371714B7E /* RemoteConversationModels.swift in Sources */,
				A370B957E19B18B5121C92B4 /* SharedMascotView.swift in Sources */,
				61E65895CCEBAD88E0183D08 /* StepFunView.swift in Sources */,
				DF8181D3224DFA462CB9E0FA /* TraeView.swift in Sources */,
				D37C3157D91B8B67E80B095D /* WatchStateStore.swift in Sources */,
				7B84614D6F40BEDB519D5F13 /* WorkBuddyView.swift in Sources */,
			);
			runOnlyForDeploymentPostprocessing = 0;
		};
		723FD7F80E3B4F96773DE5AC /* Sources */ = {
			isa = PBXSourcesBuildPhase;
			buildActionMask = 2147483647;
			files = (
				43AC5C4E39B1BF9708F5042F /* CompanionLogicTests.swift in Sources */,
			);
			runOnlyForDeploymentPostprocessing = 0;
		};
		81C079406B4905958C6BCFAA /* Sources */ = {
			isa = PBXSourcesBuildPhase;
			buildActionMask = 2147483647;
			files = (
				9C43FBF323733C72F963E4EE /* CodeIslandCompanionUITests.swift in Sources */,
				AB197B458D906CA80DE838DD /* StandByLayout.swift in Sources */,
				77548822FFD6282873D688CC /* StandByLayoutTests.swift in Sources */,
			);
			runOnlyForDeploymentPostprocessing = 0;
		};
		FC0EB1D4F9723FF36FD94260 /* Sources */ = {
			isa = PBXSourcesBuildPhase;
			buildActionMask = 2147483647;
			files = (
				3235DBD0E8E40BAF3ABC7CB2 /* AntiGravityView.swift in Sources */,
				54D41F7821F5757358C1E651 /* BuddyView.swift in Sources */,
				756DC3DF126278851C03BD1D /* ClineView.swift in Sources */,
				EB02F7CC8391BFB931BE0421 /* CodeIslandWatchApp.swift in Sources */,
				17193B5CDD14E270C08D8BA7 /* CompanionDisplayText.swift in Sources */,
				C49F2E33380EB15CF8874FC6 /* CompanionModels.swift in Sources */,
				53AAA61D301B8A543539C4B2 /* CopilotView.swift in Sources */,
				9ABC3282EABFDAE28BE3F6C3 /* CursorView.swift in Sources */,
				9C5B16C59B32BABAAB34FF08 /* DexView.swift in Sources */,
				98F5D1DDE415B3BAFA0A74F1 /* DroidView.swift in Sources */,
				56E1107A140CBB68064DACD9 /* GeminiView.swift in Sources */,
				7C6AE08B3264CADC760A0BB6 /* HermesView.swift in Sources */,
				2EF1014B18539D7592DBB8D3 /* KimiView.swift in Sources */,
				A222A1FE3D8DE22EC847A92A /* L10n.swift in Sources */,
				8D21C753488CC6F4931CAECF /* MascotMotion.swift in Sources */,
				7A38FC2E94CEEF42CAB46B3C /* MascotTimeline.swift in Sources */,
				1CE1FA4AF1409D284488CC98 /* OpenCodeView.swift in Sources */,
				406E06EA697812F1527C2EBA /* PixelCharacterView.swift in Sources */,
				3B9EA0EE7B76975935E76A33 /* QoderView.swift in Sources */,
				D5F811823EDFED9541402681 /* QwenView.swift in Sources */,
				E012D38D806F5AC2F22D569F /* SharedMascotView.swift in Sources */,
				34BC4A9556FAE0A7893901BB /* StepFunView.swift in Sources */,
				9D46FD32389C4AEC2A839727 /* TraeView.swift in Sources */,
				08D3B08488A688EBD7DA59B3 /* WatchConnection.swift in Sources */,
				A83B38DDC3F15F01EA589239 /* WatchContentView.swift in Sources */,
				39F79F8253CF95E70563A097 /* WatchStateStore.swift in Sources */,
				96A94DCEFE3EB695E86CA91C /* WorkBuddyView.swift in Sources */,
			);
			runOnlyForDeploymentPostprocessing = 0;
		};
/* End PBXSourcesBuildPhase section */

/* Begin PBXTargetDependency section */
		40E50F3A6C92EA7E62C7AF56 /* PBXTargetDependency */ = {
			isa = PBXTargetDependency;
			target = F3973306BF558558774D5BD7 /* CodeIslandCompanion */;
			targetProxy = BB58FA90F24E52E7796C4B5E /* PBXContainerItemProxy */;
		};
		52309DAC5B9D99045DD350BC /* PBXTargetDependency */ = {
			isa = PBXTargetDependency;
			target = F17F6C4FF2B113739CD23B46 /* CodeIslandWatchApp */;
			targetProxy = 77D846086AB64AFE3A38762C /* PBXContainerItemProxy */;
		};
		A2BC3F7D6ACCF66CA492DBC4 /* PBXTargetDependency */ = {
			isa = PBXTargetDependency;
			target = 98B3A00FDF4C8093790E92A5 /* CodeIslandCompanionWidget */;
			targetProxy = 1E6092132DEF91DC316807BF /* PBXContainerItemProxy */;
		};
		A9FEC536ABFA2C349AA5DBFF /* PBXTargetDependency */ = {
			isa = PBXTargetDependency;
			target = F3973306BF558558774D5BD7 /* CodeIslandCompanion */;
			targetProxy = C6E98D93E0EEAEEDFB5EDB8C /* PBXContainerItemProxy */;
		};
		C5148171F25E135F3AB966AA /* PBXTargetDependency */ = {
			isa = PBXTargetDependency;
			target = 4BABFBE7E8161A80EA5F2EF8 /* CodeIslandWatchWidget */;
			targetProxy = CC09B6A7376464EE68BAEABC /* PBXContainerItemProxy */;
		};
/* End PBXTargetDependency section */

/* Begin XCBuildConfiguration section */
		08C809767E51DD6F2FDD2E2C /* Release */ = {
			isa = XCBuildConfiguration;
			buildSettings = {
				ALWAYS_SEARCH_USER_PATHS = NO;
				CLANG_ANALYZER_NONNULL = YES;
				CLANG_ANALYZER_NUMBER_OBJECT_CONVERSION = YES_AGGRESSIVE;
				CLANG_CXX_LANGUAGE_STANDARD = "gnu++14";
				CLANG_CXX_LIBRARY = "libc++";
				CLANG_ENABLE_MODULES = YES;
				CLANG_ENABLE_OBJC_ARC = YES;
				CLANG_ENABLE_OBJC_WEAK = YES;
				CLANG_WARN_BLOCK_CAPTURE_AUTORELEASING = YES;
				CLANG_WARN_BOOL_CONVERSION = YES;
				CLANG_WARN_COMMA = YES;
				CLANG_WARN_CONSTANT_CONVERSION = YES;
				CLANG_WARN_DEPRECATED_OBJC_IMPLEMENTATIONS = YES;
				CLANG_WARN_DIRECT_OBJC_ISA_USAGE = YES_ERROR;
				CLANG_WARN_DOCUMENTATION_COMMENTS = YES;
				CLANG_WARN_EMPTY_BODY = YES;
				CLANG_WARN_ENUM_CONVERSION = YES;
				CLANG_WARN_INFINITE_RECURSION = YES;
				CLANG_WARN_INT_CONVERSION = YES;
				CLANG_WARN_NON_LITERAL_NULL_CONVERSION = YES;
				CLANG_WARN_OBJC_IMPLICIT_RETAIN_SELF = YES;
				CLANG_WARN_OBJC_LITERAL_CONVERSION = YES;
				CLANG_WARN_OBJC_ROOT_CLASS = YES_ERROR;
				CLANG_WARN_QUOTED_INCLUDE_IN_FRAMEWORK_HEADER = YES;
				CLANG_WARN_RANGE_LOOP_ANALYSIS = YES;
				CLANG_WARN_STRICT_PROTOTYPES = YES;
				CLANG_WARN_SUSPICIOUS_MOVE = YES;
				CLANG_WARN_UNGUARDED_AVAILABILITY = YES_AGGRESSIVE;
				CLANG_WARN_UNREACHABLE_CODE = YES;
				CLANG_WARN__DUPLICATE_METHOD_MATCH = YES;
				CODE_SIGN_STYLE = Automatic;
				COPY_PHASE_STRIP = NO;
				CURRENT_PROJECT_VERSION = 4;
				DEBUG_INFORMATION_FORMAT = "dwarf-with-dsym";
				DEVELOPMENT_TEAM = 2VBHV3VJ8N;
				ENABLE_NS_ASSERTIONS = NO;
				ENABLE_STRICT_OBJC_MSGSEND = YES;
				GCC_C_LANGUAGE_STANDARD = gnu11;
				GCC_NO_COMMON_BLOCKS = YES;
				GCC_WARN_64_TO_32_BIT_CONVERSION = YES;
				GCC_WARN_ABOUT_RETURN_TYPE = YES_ERROR;
				GCC_WARN_UNDECLARED_SELECTOR = YES;
				GCC_WARN_UNINITIALIZED_AUTOS = YES_AGGRESSIVE;
				GCC_WARN_UNUSED_FUNCTION = YES;
				GCC_WARN_UNUSED_VARIABLE = YES;
				IPHONEOS_DEPLOYMENT_TARGET = 17.0;
				MARKETING_VERSION = 1.2.0;
				MTL_ENABLE_DEBUG_INFO = NO;
				MTL_FAST_MATH = YES;
				PRODUCT_NAME = "$(TARGET_NAME)";
				SWIFT_COMPILATION_MODE = wholemodule;
				SWIFT_OPTIMIZATION_LEVEL = "-O";
				SWIFT_VERSION = 5.0;
				WATCHOS_DEPLOYMENT_TARGET = 10.0;
			};
			name = Release;
		};
		32F870500936896BCE33A6B3 /* Debug */ = {
			isa = XCBuildConfiguration;
			buildSettings = {
				ASSETCATALOG_COMPILER_APPICON_NAME = AppIcon;
				ASSETCATALOG_COMPILER_GENERATE_SWIFT_ASSET_SYMBOL_EXTENSIONS = NO;
				CODE_SIGN_ENTITLEMENTS = CodeIslandWatchApp/CodeIslandWatchApp.entitlements;
				INFOPLIST_FILE = CodeIslandWatchApp/Info.plist;
				PRODUCT_BUNDLE_IDENTIFIER = com.notchdeck.CodeIslandCompanion.watchkitapp;
				SDKROOT = watchos;
				SKIP_INSTALL = YES;
				TARGETED_DEVICE_FAMILY = 4;
				WATCHOS_DEPLOYMENT_TARGET = 10.0;
			};
			name = Debug;
		};
		4C0F87C6E1B001694C287EB6 /* Debug */ = {
			isa = XCBuildConfiguration;
			buildSettings = {
				ALWAYS_SEARCH_USER_PATHS = NO;
				CLANG_ANALYZER_NONNULL = YES;
				CLANG_ANALYZER_NUMBER_OBJECT_CONVERSION = YES_AGGRESSIVE;
				CLANG_CXX_LANGUAGE_STANDARD = "gnu++14";
				CLANG_CXX_LIBRARY = "libc++";
				CLANG_ENABLE_MODULES = YES;
				CLANG_ENABLE_OBJC_ARC = YES;
				CLANG_ENABLE_OBJC_WEAK = YES;
				CLANG_WARN_BLOCK_CAPTURE_AUTORELEASING = YES;
				CLANG_WARN_BOOL_CONVERSION = YES;
				CLANG_WARN_COMMA = YES;
				CLANG_WARN_CONSTANT_CONVERSION = YES;
				CLANG_WARN_DEPRECATED_OBJC_IMPLEMENTATIONS = YES;
				CLANG_WARN_DIRECT_OBJC_ISA_USAGE = YES_ERROR;
				CLANG_WARN_DOCUMENTATION_COMMENTS = YES;
				CLANG_WARN_EMPTY_BODY = YES;
				CLANG_WARN_ENUM_CONVERSION = YES;
				CLANG_WARN_INFINITE_RECURSION = YES;
				CLANG_WARN_INT_CONVERSION = YES;
				CLANG_WARN_NON_LITERAL_NULL_CONVERSION = YES;
				CLANG_WARN_OBJC_IMPLICIT_RETAIN_SELF = YES;
				CLANG_WARN_OBJC_LITERAL_CONVERSION = YES;
				CLANG_WARN_OBJC_ROOT_CLASS = YES_ERROR;
				CLANG_WARN_QUOTED_INCLUDE_IN_FRAMEWORK_HEADER = YES;
				CLANG_WARN_RANGE_LOOP_ANALYSIS = YES;
				CLANG_WARN_STRICT_PROTOTYPES = YES;
				CLANG_WARN_SUSPICIOUS_MOVE = YES;
				CLANG_WARN_UNGUARDED_AVAILABILITY = YES_AGGRESSIVE;
				CLANG_WARN_UNREACHABLE_CODE = YES;
				CLANG_WARN__DUPLICATE_METHOD_MATCH = YES;
				CODE_SIGN_STYLE = Automatic;
				COPY_PHASE_STRIP = NO;
				CURRENT_PROJECT_VERSION = 4;
				DEBUG_INFORMATION_FORMAT = dwarf;
				DEVELOPMENT_TEAM = 2VBHV3VJ8N;
				ENABLE_STRICT_OBJC_MSGSEND = YES;
				ENABLE_TESTABILITY = YES;
				GCC_C_LANGUAGE_STANDARD = gnu11;
				GCC_DYNAMIC_NO_PIC = NO;
				GCC_NO_COMMON_BLOCKS = YES;
				GCC_OPTIMIZATION_LEVEL = 0;
				GCC_PREPROCESSOR_DEFINITIONS = (
					"$(inherited)",
					"DEBUG=1",
				);
				GCC_WARN_64_TO_32_BIT_CONVERSION = YES;
				GCC_WARN_ABOUT_RETURN_TYPE = YES_ERROR;
				GCC_WARN_UNDECLARED_SELECTOR = YES;
				GCC_WARN_UNINITIALIZED_AUTOS = YES_AGGRESSIVE;
				GCC_WARN_UNUSED_FUNCTION = YES;
				GCC_WARN_UNUSED_VARIABLE = YES;
				IPHONEOS_DEPLOYMENT_TARGET = 17.0;
				MARKETING_VERSION = 1.2.0;
				MTL_ENABLE_DEBUG_INFO = INCLUDE_SOURCE;
				MTL_FAST_MATH = YES;
				ONLY_ACTIVE_ARCH = YES;
				PRODUCT_NAME = "$(TARGET_NAME)";
				SWIFT_ACTIVE_COMPILATION_CONDITIONS = DEBUG;
				SWIFT_OPTIMIZATION_LEVEL = "-Onone";
				SWIFT_VERSION = 5.0;
				WATCHOS_DEPLOYMENT_TARGET = 10.0;
			};
			name = Debug;
		};
		50DD7B81379051DB778216CF /* Debug */ = {
			isa = XCBuildConfiguration;
			buildSettings = {
				ASSETCATALOG_COMPILER_GENERATE_SWIFT_ASSET_SYMBOL_EXTENSIONS = NO;
				INFOPLIST_FILE = CodeIslandCompanionWidget/Info.plist;
				IPHONEOS_DEPLOYMENT_TARGET = 17.0;
				LD_RUNPATH_SEARCH_PATHS = (
					"$(inherited)",
					"@executable_path/Frameworks",
					"@executable_path/../../Frameworks",
				);
				PRODUCT_BUNDLE_IDENTIFIER = com.notchdeck.CodeIslandCompanion.Widget;
				SDKROOT = iphoneos;
				SKIP_INSTALL = YES;
				TARGETED_DEVICE_FAMILY = "1,2";
			};
			name = Debug;
		};
		55EBFD3975F5103806518CCF /* Debug */ = {
			isa = XCBuildConfiguration;
			buildSettings = {
				ASSETCATALOG_COMPILER_GENERATE_SWIFT_ASSET_SYMBOL_EXTENSIONS = NO;
				CODE_SIGN_ENTITLEMENTS = CodeIslandWatchWidget/CodeIslandWatchWidget.entitlements;
				INFOPLIST_FILE = CodeIslandWatchWidget/Info.plist;
				LD_RUNPATH_SEARCH_PATHS = (
					"$(inherited)",
					"@executable_path/Frameworks",
					"@executable_path/../../Frameworks",
				);
				PRODUCT_BUNDLE_IDENTIFIER = com.notchdeck.CodeIslandCompanion.watchkitapp.Widget;
				SDKROOT = watchos;
				SKIP_INSTALL = YES;
				TARGETED_DEVICE_FAMILY = 4;
				WATCHOS_DEPLOYMENT_TARGET = 10.0;
			};
			name = Debug;
		};
		5CF993E2112406641DF63393 /* Release */ = {
			isa = XCBuildConfiguration;
			buildSettings = {
				BUNDLE_LOADER = "$(TEST_HOST)";
				GENERATE_INFOPLIST_FILE = YES;
				IPHONEOS_DEPLOYMENT_TARGET = 17.0;
				LD_RUNPATH_SEARCH_PATHS = (
					"$(inherited)",
					"@executable_path/Frameworks",
					"@loader_path/Frameworks",
				);
				PRODUCT_BUNDLE_IDENTIFIER = com.notchdeck.CodeIslandCompanionUITests;
				SDKROOT = iphoneos;
				TARGETED_DEVICE_FAMILY = "1,2";
				TEST_TARGET_NAME = CodeIslandCompanion;
			};
			name = Release;
		};
		610D461328F4CA8DEE857634 /* Debug */ = {
			isa = XCBuildConfiguration;
			buildSettings = {
				BUNDLE_LOADER = "$(TEST_HOST)";
				GENERATE_INFOPLIST_FILE = YES;
				IPHONEOS_DEPLOYMENT_TARGET = 17.0;
				LD_RUNPATH_SEARCH_PATHS = (
					"$(inherited)",
					"@executable_path/Frameworks",
					"@loader_path/Frameworks",
				);
				PRODUCT_BUNDLE_IDENTIFIER = com.notchdeck.CodeIslandCompanionUITests;
				SDKROOT = iphoneos;
				TARGETED_DEVICE_FAMILY = "1,2";
				TEST_TARGET_NAME = CodeIslandCompanion;
			};
			name = Debug;
		};
		74603115470E26336E6FEFCB /* Release */ = {
			isa = XCBuildConfiguration;
			buildSettings = {
				ASSETCATALOG_COMPILER_APPICON_NAME = AppIcon;
				ASSETCATALOG_COMPILER_GENERATE_SWIFT_ASSET_SYMBOL_EXTENSIONS = NO;
				CODE_SIGN_ENTITLEMENTS = CodeIslandCompanion/CodeIslandCompanion.entitlements;
				CODE_SIGN_IDENTITY = "iPhone Developer";
				ENABLE_TESTABILITY = YES;
				INFOPLIST_FILE = CodeIslandCompanion/Info.plist;
				IPHONEOS_DEPLOYMENT_TARGET = 17.0;
				LD_RUNPATH_SEARCH_PATHS = (
					"$(inherited)",
					"@executable_path/Frameworks",
				);
				PRODUCT_BUNDLE_IDENTIFIER = com.notchdeck.CodeIslandCompanion;
				SDKROOT = iphoneos;
				TARGETED_DEVICE_FAMILY = "1,2";
			};
			name = Release;
		};
		80B3AA9D57C795C40172E18C /* Release */ = {
			isa = XCBuildConfiguration;
			buildSettings = {
				ASSETCATALOG_COMPILER_APPICON_NAME = AppIcon;
				ASSETCATALOG_COMPILER_GENERATE_SWIFT_ASSET_SYMBOL_EXTENSIONS = NO;
				CODE_SIGN_ENTITLEMENTS = CodeIslandWatchApp/CodeIslandWatchApp.entitlements;
				INFOPLIST_FILE = CodeIslandWatchApp/Info.plist;
				PRODUCT_BUNDLE_IDENTIFIER = com.notchdeck.CodeIslandCompanion.watchkitapp;
				SDKROOT = watchos;
				SKIP_INSTALL = YES;
				TARGETED_DEVICE_FAMILY = 4;
				WATCHOS_DEPLOYMENT_TARGET = 10.0;
			};
			name = Release;
		};
		84385E3DE216637FBD572695 /* Debug */ = {
			isa = XCBuildConfiguration;
			buildSettings = {
				BUNDLE_LOADER = "$(TEST_HOST)";
				GENERATE_INFOPLIST_FILE = YES;
				IPHONEOS_DEPLOYMENT_TARGET = 17.0;
				LD_RUNPATH_SEARCH_PATHS = (
					"$(inherited)",
					"@executable_path/Frameworks",
					"@loader_path/Frameworks",
				);
				PRODUCT_BUNDLE_IDENTIFIER = com.notchdeck.CodeIslandCompanion.Tests;
				SDKROOT = iphoneos;
				TARGETED_DEVICE_FAMILY = "1,2";
				TEST_HOST = "$(BUILT_PRODUCTS_DIR)/CodeIslandCompanion.app/CodeIslandCompanion";
				TEST_TARGET_NAME = CodeIslandCompanion;
			};
			name = Debug;
		};
		A502926522AD1379473E3AAC /* Release */ = {
			isa = XCBuildConfiguration;
			buildSettings = {
				ASSETCATALOG_COMPILER_GENERATE_SWIFT_ASSET_SYMBOL_EXTENSIONS = NO;
				INFOPLIST_FILE = CodeIslandCompanionWidget/Info.plist;
				IPHONEOS_DEPLOYMENT_TARGET = 17.0;
				LD_RUNPATH_SEARCH_PATHS = (
					"$(inherited)",
					"@executable_path/Frameworks",
					"@executable_path/../../Frameworks",
				);
				PRODUCT_BUNDLE_IDENTIFIER = com.notchdeck.CodeIslandCompanion.Widget;
				SDKROOT = iphoneos;
				SKIP_INSTALL = YES;
				TARGETED_DEVICE_FAMILY = "1,2";
			};
			name = Release;
		};
		CAFF9783EA01C9600D236FF1 /* Release */ = {
			isa = XCBuildConfiguration;
			buildSettings = {
				BUNDLE_LOADER = "$(TEST_HOST)";
				GENERATE_INFOPLIST_FILE = YES;
				IPHONEOS_DEPLOYMENT_TARGET = 17.0;
				LD_RUNPATH_SEARCH_PATHS = (
					"$(inherited)",
					"@executable_path/Frameworks",
					"@loader_path/Frameworks",
				);
				PRODUCT_BUNDLE_IDENTIFIER = com.notchdeck.CodeIslandCompanion.Tests;
				SDKROOT = iphoneos;
				TARGETED_DEVICE_FAMILY = "1,2";
				TEST_HOST = "$(BUILT_PRODUCTS_DIR)/CodeIslandCompanion.app/CodeIslandCompanion";
				TEST_TARGET_NAME = CodeIslandCompanion;
			};
			name = Release;
		};
		DFE49D5E64392DB384649B7A /* Debug */ = {
			isa = XCBuildConfiguration;
			buildSettings = {
				ASSETCATALOG_COMPILER_APPICON_NAME = AppIcon;
				ASSETCATALOG_COMPILER_GENERATE_SWIFT_ASSET_SYMBOL_EXTENSIONS = NO;
				CODE_SIGN_ENTITLEMENTS = CodeIslandCompanion/CodeIslandCompanion.entitlements;
				CODE_SIGN_IDENTITY = "iPhone Developer";
				ENABLE_TESTABILITY = YES;
				INFOPLIST_FILE = CodeIslandCompanion/Info.plist;
				IPHONEOS_DEPLOYMENT_TARGET = 17.0;
				LD_RUNPATH_SEARCH_PATHS = (
					"$(inherited)",
					"@executable_path/Frameworks",
				);
				PRODUCT_BUNDLE_IDENTIFIER = com.notchdeck.CodeIslandCompanion;
				SDKROOT = iphoneos;
				TARGETED_DEVICE_FAMILY = "1,2";
			};
			name = Debug;
		};
		E612F79F1B59A696697956B6 /* Release */ = {
			isa = XCBuildConfiguration;
			buildSettings = {
				ASSETCATALOG_COMPILER_GENERATE_SWIFT_ASSET_SYMBOL_EXTENSIONS = NO;
				CODE_SIGN_ENTITLEMENTS = CodeIslandWatchWidget/CodeIslandWatchWidget.entitlements;
				INFOPLIST_FILE = CodeIslandWatchWidget/Info.plist;
				LD_RUNPATH_SEARCH_PATHS = (
					"$(inherited)",
					"@executable_path/Frameworks",
					"@executable_path/../../Frameworks",
				);
				PRODUCT_BUNDLE_IDENTIFIER = com.notchdeck.CodeIslandCompanion.watchkitapp.Widget;
				SDKROOT = watchos;
				SKIP_INSTALL = YES;
				TARGETED_DEVICE_FAMILY = 4;
				WATCHOS_DEPLOYMENT_TARGET = 10.0;
			};
			name = Release;
		};
/* End XCBuildConfiguration section */

/* Begin XCConfigurationList section */
		04AA0F1210C8B2115E8ED693 /* Build configuration list for PBXNativeTarget "CodeIslandCompanionTests" */ = {
			isa = XCConfigurationList;
			buildConfigurations = (
				84385E3DE216637FBD572695 /* Debug */,
				CAFF9783EA01C9600D236FF1 /* Release */,
			);
			defaultConfigurationIsVisible = 0;
			defaultConfigurationName = Debug;
		};
		09A0F4469E3BEFC56AEA65DC /* Build configuration list for PBXNativeTarget "CodeIslandWatchApp" */ = {
			isa = XCConfigurationList;
			buildConfigurations = (
				32F870500936896BCE33A6B3 /* Debug */,
				80B3AA9D57C795C40172E18C /* Release */,
			);
			defaultConfigurationIsVisible = 0;
			defaultConfigurationName = Debug;
		};
		617E42F1DB082A010DA4EA86 /* Build configuration list for PBXProject "CodeIslandCompanion" */ = {
			isa = XCConfigurationList;
			buildConfigurations = (
				4C0F87C6E1B001694C287EB6 /* Debug */,
				08C809767E51DD6F2FDD2E2C /* Release */,
			);
			defaultConfigurationIsVisible = 0;
			defaultConfigurationName = Debug;
		};
		6EC8AA2EC70B9F71655FCE14 /* Build configuration list for PBXNativeTarget "CodeIslandWatchWidget" */ = {
			isa = XCConfigurationList;
			buildConfigurations = (
				55EBFD3975F5103806518CCF /* Debug */,
				E612F79F1B59A696697956B6 /* Release */,
			);
			defaultConfigurationIsVisible = 0;
			defaultConfigurationName = Debug;
		};
		8B1AD1C2E22A23BD4CDC2ACF /* Build configuration list for PBXNativeTarget "CodeIslandCompanionWidget" */ = {
			isa = XCConfigurationList;
			buildConfigurations = (
				50DD7B81379051DB778216CF /* Debug */,
				A502926522AD1379473E3AAC /* Release */,
			);
			defaultConfigurationIsVisible = 0;
			defaultConfigurationName = Debug;
		};
		A4CCE8D20BB83E3C61AE9D46 /* Build configuration list for PBXNativeTarget "CodeIslandCompanionUITests" */ = {
			isa = XCConfigurationList;
			buildConfigurations = (
				610D461328F4CA8DEE857634 /* Debug */,
				5CF993E2112406641DF63393 /* Release */,
			);
			defaultConfigurationIsVisible = 0;
			defaultConfigurationName = Debug;
		};
		B1E48881EB1FEA099CD166C8 /* Build configuration list for PBXNativeTarget "CodeIslandCompanion" */ = {
			isa = XCConfigurationList;
			buildConfigurations = (
				DFE49D5E64392DB384649B7A /* Debug */,
				74603115470E26336E6FEFCB /* Release */,
			);
			defaultConfigurationIsVisible = 0;
			defaultConfigurationName = Debug;
		};
/* End XCConfigurationList section */
	};
	rootObject = C86DC231658B41C7E38FF15A /* Project object */;
}
